<?xml version="1.0" encoding="UTF-8"?>
<!DOCTYPE plist PUBLIC "-//Apple//DTD PLIST 1.0//EN" "http://www.apple.com/DTDs/PropertyList-1.0.dtd">
<plist version="1.0">
<dict>
	<key>archiveVersion</key>
	<string>1</string>
	<key>classes</key>
	<dict/>
	<key>objectVersion</key>
	<string>46</string>
	<key>objects</key>
	<dict>
		<key>14E332325B6B432CA9360854</key>
		<dict>
			<key>buildActionMask</key>
			<string>2147483647</string>
			<key>files</key>
			<array/>
			<key>inputPaths</key>
			<array/>
			<key>isa</key>
			<string>PBXShellScriptBuildPhase</string>
			<key>name</key>
			<string>Copy Pods Resources</string>
			<key>outputPaths</key>
			<array/>
			<key>runOnlyForDeploymentPostprocessing</key>
			<string>0</string>
			<key>shellPath</key>
			<string>/bin/sh</string>
			<key>shellScript</key>
			<string>"${SRCROOT}/Pods/Pods-CitypPostersTests-resources.sh"
</string>
			<key>showEnvVarsInLog</key>
			<string>0</string>
		</dict>
		<key>3F4863D91972CC0A0072668B</key>
		<dict>
			<key>children</key>
			<array>
				<string>3F4863ED1972CC0A0072668B</string>
				<string>3F48640A1972CC0A0072668B</string>
				<string>3F4863E41972CC0A0072668B</string>
				<string>3F4863E31972CC0A0072668B</string>
				<string>4588BBA9BD0740D58B6B75BD</string>
			</array>
			<key>isa</key>
			<string>PBXGroup</string>
			<key>sourceTree</key>
			<string>&lt;group&gt;</string>
		</dict>
		<key>3F4863DA1972CC0A0072668B</key>
		<dict>
			<key>attributes</key>
			<dict>
				<key>CLASSPREFIX</key>
				<string>CYP</string>
				<key>LastUpgradeCheck</key>
				<string>0510</string>
				<key>ORGANIZATIONNAME</key>
				<string>gadaxara</string>
				<key>TargetAttributes</key>
				<dict>
					<key>3F4864011972CC0A0072668B</key>
					<dict>
						<key>TestTargetID</key>
						<string>3F4863E11972CC0A0072668B</string>
					</dict>
				</dict>
			</dict>
			<key>buildConfigurationList</key>
			<string>3F4863DD1972CC0A0072668B</string>
			<key>compatibilityVersion</key>
			<string>Xcode 3.2</string>
			<key>developmentRegion</key>
			<string>English</string>
			<key>hasScannedForEncodings</key>
			<string>0</string>
			<key>isa</key>
			<string>PBXProject</string>
			<key>knownRegions</key>
			<array>
				<string>en</string>
			</array>
			<key>mainGroup</key>
			<string>3F4863D91972CC0A0072668B</string>
			<key>productRefGroup</key>
			<string>3F4863E31972CC0A0072668B</string>
			<key>projectDirPath</key>
			<string></string>
			<key>projectReferences</key>
			<array/>
			<key>projectRoot</key>
			<string></string>
			<key>targets</key>
			<array>
				<string>3F4863E11972CC0A0072668B</string>
				<string>3F4864011972CC0A0072668B</string>
			</array>
		</dict>
		<key>3F4863DD1972CC0A0072668B</key>
		<dict>
			<key>buildConfigurations</key>
			<array>
				<string>3F4864121972CC0A0072668B</string>
				<string>3F4864131972CC0A0072668B</string>
			</array>
			<key>defaultConfigurationIsVisible</key>
			<string>0</string>
			<key>defaultConfigurationName</key>
			<string>Release</string>
			<key>isa</key>
			<string>XCConfigurationList</string>
		</dict>
		<key>3F4863DE1972CC0A0072668B</key>
		<dict>
			<key>buildActionMask</key>
			<string>2147483647</string>
			<key>files</key>
			<array>
				<string>3F4864881973F4DC0072668B</string>
				<string>3F486439197315630072668B</string>
				<string>3F48649519740D620072668B</string>
				<string>3F48649E19740E140072668B</string>
				<string>3F4864AA197422F40072668B</string>
				<string>3F48642D1972E4580072668B</string>
				<string>3F4864201972CD5D0072668B</string>
				<string>3F4863F41972CC0A0072668B</string>
				<string>3F4864431973C8230072668B</string>
				<string>3F486490197409BA0072668B</string>
				<string>3F48979E19746A9F00A507E1</string>
				<string>3F48643D197316E00072668B</string>
				<string>3F4897981974630B00A507E1</string>
				<string>3F4864B01974280D0072668B</string>
				<string>3F4864AD1974276E0072668B</string>
				<string>3F48649819740D7E0072668B</string>
				<string>3F4863F81972CC0A0072668B</string>
				<string>3F48647C1973E65D0072668B</string>
				<string>3F48979B1974659A00A507E1</string>
				<string>3F486436197314AB0072668B</string>
				<string>3F4864531973D0E20072668B</string>
			</array>
			<key>isa</key>
			<string>PBXSourcesBuildPhase</string>
			<key>runOnlyForDeploymentPostprocessing</key>
			<string>0</string>
		</dict>
		<key>3F4863DF1972CC0A0072668B</key>
		<dict>
			<key>buildActionMask</key>
			<string>2147483647</string>
			<key>files</key>
			<array>
				<string>3F4863E81972CC0A0072668B</string>
				<string>3F4863EC1972CC0A0072668B</string>
				<string>3F4863EA1972CC0A0072668B</string>
				<string>3F4863E61972CC0A0072668B</string>
			</array>
			<key>isa</key>
			<string>PBXFrameworksBuildPhase</string>
			<key>runOnlyForDeploymentPostprocessing</key>
			<string>0</string>
		</dict>
		<key>3F4863E01972CC0A0072668B</key>
		<dict>
			<key>buildActionMask</key>
			<string>2147483647</string>
			<key>files</key>
			<array>
				<string>3F48641C1972CC340072668B</string>
				<string>3F4863F21972CC0A0072668B</string>
				<string>3F4863FD1972CC0A0072668B</string>
			</array>
			<key>isa</key>
			<string>PBXResourcesBuildPhase</string>
			<key>runOnlyForDeploymentPostprocessing</key>
			<string>0</string>
		</dict>
		<key>3F4863E11972CC0A0072668B</key>
		<dict>
			<key>buildConfigurationList</key>
			<string>3F4864141972CC0A0072668B</string>
			<key>buildPhases</key>
			<array>
				<string>3F4863DE1972CC0A0072668B</string>
				<string>3F4863DF1972CC0A0072668B</string>
				<string>3F4863E01972CC0A0072668B</string>
			</array>
			<key>buildRules</key>
			<array/>
			<key>dependencies</key>
			<array/>
			<key>isa</key>
			<string>PBXNativeTarget</string>
			<key>name</key>
			<string>CitypPosters</string>
			<key>productName</key>
			<string>CitypPosters</string>
			<key>productReference</key>
			<string>3F4863E21972CC0A0072668B</string>
			<key>productType</key>
			<string>com.apple.product-type.application</string>
		</dict>
		<key>3F4863E21972CC0A0072668B</key>
		<dict>
			<key>explicitFileType</key>
			<string>wrapper.application</string>
			<key>includeInIndex</key>
			<string>0</string>
			<key>isa</key>
			<string>PBXFileReference</string>
			<key>path</key>
			<string>CitypPosters.app</string>
			<key>sourceTree</key>
			<string>BUILT_PRODUCTS_DIR</string>
		</dict>
		<key>3F4863E31972CC0A0072668B</key>
		<dict>
			<key>children</key>
			<array>
				<string>3F4863E21972CC0A0072668B</string>
				<string>3F4864021972CC0A0072668B</string>
			</array>
			<key>isa</key>
			<string>PBXGroup</string>
			<key>name</key>
			<string>Products</string>
			<key>sourceTree</key>
			<string>&lt;group&gt;</string>
		</dict>
		<key>3F4863E41972CC0A0072668B</key>
		<dict>
			<key>children</key>
			<array>
				<string>3F4863E51972CC0A0072668B</string>
				<string>3F4863E71972CC0A0072668B</string>
				<string>3F4863E91972CC0A0072668B</string>
				<string>3F4863EB1972CC0A0072668B</string>
				<string>3F4864031972CC0A0072668B</string>
				<string>8C1A7BB2AEB740739DB7797B</string>
			</array>
			<key>isa</key>
			<string>PBXGroup</string>
			<key>name</key>
			<string>Frameworks</string>
			<key>sourceTree</key>
			<string>&lt;group&gt;</string>
		</dict>
		<key>3F4863E51972CC0A0072668B</key>
		<dict>
			<key>isa</key>
			<string>PBXFileReference</string>
			<key>lastKnownFileType</key>
			<string>wrapper.framework</string>
			<key>name</key>
			<string>Foundation.framework</string>
			<key>path</key>
			<string>System/Library/Frameworks/Foundation.framework</string>
			<key>sourceTree</key>
			<string>SDKROOT</string>
		</dict>
		<key>3F4863E61972CC0A0072668B</key>
		<dict>
			<key>fileRef</key>
			<string>3F4863E51972CC0A0072668B</string>
			<key>isa</key>
			<string>PBXBuildFile</string>
		</dict>
		<key>3F4863E71972CC0A0072668B</key>
		<dict>
			<key>isa</key>
			<string>PBXFileReference</string>
			<key>lastKnownFileType</key>
			<string>wrapper.framework</string>
			<key>name</key>
			<string>CoreGraphics.framework</string>
			<key>path</key>
			<string>System/Library/Frameworks/CoreGraphics.framework</string>
			<key>sourceTree</key>
			<string>SDKROOT</string>
		</dict>
		<key>3F4863E81972CC0A0072668B</key>
		<dict>
			<key>fileRef</key>
			<string>3F4863E71972CC0A0072668B</string>
			<key>isa</key>
			<string>PBXBuildFile</string>
		</dict>
		<key>3F4863E91972CC0A0072668B</key>
		<dict>
			<key>isa</key>
			<string>PBXFileReference</string>
			<key>lastKnownFileType</key>
			<string>wrapper.framework</string>
			<key>name</key>
			<string>UIKit.framework</string>
			<key>path</key>
			<string>System/Library/Frameworks/UIKit.framework</string>
			<key>sourceTree</key>
			<string>SDKROOT</string>
		</dict>
		<key>3F4863EA1972CC0A0072668B</key>
		<dict>
			<key>fileRef</key>
			<string>3F4863E91972CC0A0072668B</string>
			<key>isa</key>
			<string>PBXBuildFile</string>
		</dict>
		<key>3F4863EB1972CC0A0072668B</key>
		<dict>
			<key>isa</key>
			<string>PBXFileReference</string>
			<key>lastKnownFileType</key>
			<string>wrapper.framework</string>
			<key>name</key>
			<string>CoreData.framework</string>
			<key>path</key>
			<string>System/Library/Frameworks/CoreData.framework</string>
			<key>sourceTree</key>
			<string>SDKROOT</string>
		</dict>
		<key>3F4863EC1972CC0A0072668B</key>
		<dict>
			<key>fileRef</key>
			<string>3F4863EB1972CC0A0072668B</string>
			<key>isa</key>
			<string>PBXBuildFile</string>
		</dict>
		<key>3F4863ED1972CC0A0072668B</key>
		<dict>
			<key>children</key>
			<array>
				<string>3F48643F1973BF7F0072668B</string>
				<string>3F48643E1973BF730072668B</string>
				<string>3F4863F61972CC0A0072668B</string>
				<string>3F4863F71972CC0A0072668B</string>
				<string>3F4863FC1972CC0A0072668B</string>
				<string>3F4863EE1972CC0A0072668B</string>
			</array>
			<key>isa</key>
			<string>PBXGroup</string>
			<key>path</key>
			<string>CitypPosters</string>
			<key>sourceTree</key>
			<string>&lt;group&gt;</string>
		</dict>
		<key>3F4863EE1972CC0A0072668B</key>
		<dict>
			<key>children</key>
			<array>
				<string>3F4863EF1972CC0A0072668B</string>
				<string>3F4863F01972CC0A0072668B</string>
				<string>3F4863F31972CC0A0072668B</string>
				<string>3F4863F51972CC0A0072668B</string>
			</array>
			<key>isa</key>
			<string>PBXGroup</string>
			<key>name</key>
			<string>Supporting Files</string>
			<key>path</key>
			<string>Supporting Files</string>
			<key>sourceTree</key>
			<string>&lt;group&gt;</string>
		</dict>
		<key>3F4863EF1972CC0A0072668B</key>
		<dict>
			<key>isa</key>
			<string>PBXFileReference</string>
			<key>lastKnownFileType</key>
			<string>text.plist.xml</string>
			<key>path</key>
			<string>CitypPosters-Info.plist</string>
			<key>sourceTree</key>
			<string>&lt;group&gt;</string>
		</dict>
		<key>3F4863F01972CC0A0072668B</key>
		<dict>
			<key>children</key>
			<array>
				<string>3F4863F11972CC0A0072668B</string>
			</array>
			<key>isa</key>
			<string>PBXVariantGroup</string>
			<key>name</key>
			<string>InfoPlist.strings</string>
			<key>sourceTree</key>
			<string>&lt;group&gt;</string>
		</dict>
		<key>3F4863F11972CC0A0072668B</key>
		<dict>
			<key>isa</key>
			<string>PBXFileReference</string>
			<key>lastKnownFileType</key>
			<string>text.plist.strings</string>
			<key>name</key>
			<string>en</string>
			<key>path</key>
			<string>en.lproj/InfoPlist.strings</string>
			<key>sourceTree</key>
			<string>&lt;group&gt;</string>
		</dict>
		<key>3F4863F21972CC0A0072668B</key>
		<dict>
			<key>fileRef</key>
			<string>3F4863F01972CC0A0072668B</string>
			<key>isa</key>
			<string>PBXBuildFile</string>
		</dict>
		<key>3F4863F31972CC0A0072668B</key>
		<dict>
			<key>isa</key>
			<string>PBXFileReference</string>
			<key>lastKnownFileType</key>
			<string>sourcecode.c.objc</string>
			<key>path</key>
			<string>main.m</string>
			<key>sourceTree</key>
			<string>&lt;group&gt;</string>
		</dict>
		<key>3F4863F41972CC0A0072668B</key>
		<dict>
			<key>fileRef</key>
			<string>3F4863F31972CC0A0072668B</string>
			<key>isa</key>
			<string>PBXBuildFile</string>
		</dict>
		<key>3F4863F51972CC0A0072668B</key>
		<dict>
			<key>isa</key>
			<string>PBXFileReference</string>
			<key>lastKnownFileType</key>
			<string>sourcecode.c.h</string>
			<key>path</key>
			<string>CitypPosters-Prefix.pch</string>
			<key>sourceTree</key>
			<string>&lt;group&gt;</string>
		</dict>
		<key>3F4863F61972CC0A0072668B</key>
		<dict>
			<key>isa</key>
			<string>PBXFileReference</string>
			<key>lastKnownFileType</key>
			<string>sourcecode.c.h</string>
			<key>path</key>
			<string>CYPAppDelegate.h</string>
			<key>sourceTree</key>
			<string>&lt;group&gt;</string>
		</dict>
		<key>3F4863F71972CC0A0072668B</key>
		<dict>
			<key>isa</key>
			<string>PBXFileReference</string>
			<key>lastKnownFileType</key>
			<string>sourcecode.c.objc</string>
			<key>path</key>
			<string>CYPAppDelegate.m</string>
			<key>sourceTree</key>
			<string>&lt;group&gt;</string>
		</dict>
		<key>3F4863F81972CC0A0072668B</key>
		<dict>
			<key>fileRef</key>
			<string>3F4863F71972CC0A0072668B</string>
			<key>isa</key>
			<string>PBXBuildFile</string>
		</dict>
		<key>3F4863FC1972CC0A0072668B</key>
		<dict>
			<key>isa</key>
			<string>PBXFileReference</string>
			<key>lastKnownFileType</key>
			<string>folder.assetcatalog</string>
			<key>path</key>
			<string>Images.xcassets</string>
			<key>sourceTree</key>
			<string>&lt;group&gt;</string>
		</dict>
		<key>3F4863FD1972CC0A0072668B</key>
		<dict>
			<key>fileRef</key>
			<string>3F4863FC1972CC0A0072668B</string>
			<key>isa</key>
			<string>PBXBuildFile</string>
		</dict>
		<key>3F4863FE1972CC0A0072668B</key>
		<dict>
			<key>buildActionMask</key>
			<string>2147483647</string>
			<key>files</key>
			<array>
				<string>3F4864671973DF640072668B</string>
				<string>3F48649219740CDA0072668B</string>
				<string>3F48648A1973F4F30072668B</string>
				<string>3F48642F1972FFAD0072668B</string>
				<string>3F4864471973C95A0072668B</string>
				<string>3F4864461973C88A0072668B</string>
			</array>
			<key>isa</key>
			<string>PBXSourcesBuildPhase</string>
			<key>runOnlyForDeploymentPostprocessing</key>
			<string>0</string>
		</dict>
		<key>3F4863FF1972CC0A0072668B</key>
		<dict>
			<key>buildActionMask</key>
			<string>2147483647</string>
			<key>files</key>
			<array>
				<string>3F4864041972CC0A0072668B</string>
				<string>3F4864071972CC0A0072668B</string>
				<string>3F4864061972CC0A0072668B</string>
				<string>3F4864051972CC0A0072668B</string>
				<string>4A4A2AA3ECF849B4831134C6</string>
			</array>
			<key>isa</key>
			<string>PBXFrameworksBuildPhase</string>
			<key>runOnlyForDeploymentPostprocessing</key>
			<string>0</string>
		</dict>
		<key>3F4864001972CC0A0072668B</key>
		<dict>
			<key>buildActionMask</key>
			<string>2147483647</string>
			<key>files</key>
			<array>
				<string>3F48640F1972CC0A0072668B</string>
			</array>
			<key>isa</key>
			<string>PBXResourcesBuildPhase</string>
			<key>runOnlyForDeploymentPostprocessing</key>
			<string>0</string>
		</dict>
		<key>3F4864011972CC0A0072668B</key>
		<dict>
			<key>buildConfigurationList</key>
			<string>3F4864171972CC0A0072668B</string>
			<key>buildPhases</key>
			<array>
				<string>DAF221B494F240D4B67EF988</string>
				<string>3F4863FE1972CC0A0072668B</string>
				<string>3F4863FF1972CC0A0072668B</string>
				<string>3F4864001972CC0A0072668B</string>
				<string>14E332325B6B432CA9360854</string>
			</array>
			<key>buildRules</key>
			<array/>
			<key>dependencies</key>
			<array>
				<string>3F4864091972CC0A0072668B</string>
			</array>
			<key>isa</key>
			<string>PBXNativeTarget</string>
			<key>name</key>
			<string>CitypPostersTests</string>
			<key>productName</key>
			<string>CitypPostersTests</string>
			<key>productReference</key>
			<string>3F4864021972CC0A0072668B</string>
			<key>productType</key>
			<string>com.apple.product-type.bundle.unit-test</string>
		</dict>
		<key>3F4864021972CC0A0072668B</key>
		<dict>
			<key>explicitFileType</key>
			<string>wrapper.cfbundle</string>
			<key>includeInIndex</key>
			<string>0</string>
			<key>isa</key>
			<string>PBXFileReference</string>
			<key>path</key>
			<string>CitypPostersTests.xctest</string>
			<key>sourceTree</key>
			<string>BUILT_PRODUCTS_DIR</string>
		</dict>
		<key>3F4864031972CC0A0072668B</key>
		<dict>
			<key>isa</key>
			<string>PBXFileReference</string>
			<key>lastKnownFileType</key>
			<string>wrapper.framework</string>
			<key>name</key>
			<string>XCTest.framework</string>
			<key>path</key>
			<string>Library/Frameworks/XCTest.framework</string>
			<key>sourceTree</key>
			<string>DEVELOPER_DIR</string>
		</dict>
		<key>3F4864041972CC0A0072668B</key>
		<dict>
			<key>fileRef</key>
			<string>3F4864031972CC0A0072668B</string>
			<key>isa</key>
			<string>PBXBuildFile</string>
		</dict>
		<key>3F4864051972CC0A0072668B</key>
		<dict>
			<key>fileRef</key>
			<string>3F4863E51972CC0A0072668B</string>
			<key>isa</key>
			<string>PBXBuildFile</string>
		</dict>
		<key>3F4864061972CC0A0072668B</key>
		<dict>
			<key>fileRef</key>
			<string>3F4863E91972CC0A0072668B</string>
			<key>isa</key>
			<string>PBXBuildFile</string>
		</dict>
		<key>3F4864071972CC0A0072668B</key>
		<dict>
			<key>fileRef</key>
			<string>3F4863EB1972CC0A0072668B</string>
			<key>isa</key>
			<string>PBXBuildFile</string>
		</dict>
		<key>3F4864081972CC0A0072668B</key>
		<dict>
			<key>containerPortal</key>
			<string>3F4863DA1972CC0A0072668B</string>
			<key>isa</key>
			<string>PBXContainerItemProxy</string>
			<key>proxyType</key>
			<string>1</string>
			<key>remoteGlobalIDString</key>
			<string>3F4863E11972CC0A0072668B</string>
			<key>remoteInfo</key>
			<string>CitypPosters</string>
		</dict>
		<key>3F4864091972CC0A0072668B</key>
		<dict>
			<key>isa</key>
			<string>PBXTargetDependency</string>
			<key>target</key>
			<string>3F4863E11972CC0A0072668B</string>
			<key>targetProxy</key>
			<string>3F4864081972CC0A0072668B</string>
		</dict>
		<key>3F48640A1972CC0A0072668B</key>
		<dict>
			<key>children</key>
			<array>
				<string>3F4864441973C84A0072668B</string>
				<string>3F48640B1972CC0A0072668B</string>
				<string>3F48642E1972FFAD0072668B</string>
			</array>
			<key>isa</key>
			<string>PBXGroup</string>
			<key>path</key>
			<string>CitypPostersTests</string>
			<key>sourceTree</key>
			<string>&lt;group&gt;</string>
		</dict>
		<key>3F48640B1972CC0A0072668B</key>
		<dict>
			<key>children</key>
			<array>
				<string>3F48640C1972CC0A0072668B</string>
				<string>3F48640D1972CC0A0072668B</string>
			</array>
			<key>isa</key>
			<string>PBXGroup</string>
			<key>name</key>
			<string>Supporting Files</string>
			<key>path</key>
			<string>Supporting Files</string>
			<key>sourceTree</key>
			<string>&lt;group&gt;</string>
		</dict>
		<key>3F48640C1972CC0A0072668B</key>
		<dict>
			<key>isa</key>
			<string>PBXFileReference</string>
			<key>lastKnownFileType</key>
			<string>text.plist.xml</string>
			<key>path</key>
			<string>CitypPostersTests-Info.plist</string>
			<key>sourceTree</key>
			<string>&lt;group&gt;</string>
		</dict>
		<key>3F48640D1972CC0A0072668B</key>
		<dict>
			<key>children</key>
			<array>
				<string>3F48640E1972CC0A0072668B</string>
			</array>
			<key>isa</key>
			<string>PBXVariantGroup</string>
			<key>name</key>
			<string>InfoPlist.strings</string>
			<key>sourceTree</key>
			<string>&lt;group&gt;</string>
		</dict>
		<key>3F48640E1972CC0A0072668B</key>
		<dict>
			<key>isa</key>
			<string>PBXFileReference</string>
			<key>lastKnownFileType</key>
			<string>text.plist.strings</string>
			<key>name</key>
			<string>en</string>
			<key>path</key>
			<string>en.lproj/InfoPlist.strings</string>
			<key>sourceTree</key>
			<string>&lt;group&gt;</string>
		</dict>
		<key>3F48640F1972CC0A0072668B</key>
		<dict>
			<key>fileRef</key>
			<string>3F48640D1972CC0A0072668B</string>
			<key>isa</key>
			<string>PBXBuildFile</string>
		</dict>
		<key>3F4864121972CC0A0072668B</key>
		<dict>
			<key>buildSettings</key>
			<dict>
				<key>ALWAYS_SEARCH_USER_PATHS</key>
				<string>NO</string>
				<key>CLANG_CXX_LANGUAGE_STANDARD</key>
				<string>gnu++0x</string>
				<key>CLANG_CXX_LIBRARY</key>
				<string>libc++</string>
				<key>CLANG_ENABLE_MODULES</key>
				<string>YES</string>
				<key>CLANG_ENABLE_OBJC_ARC</key>
				<string>YES</string>
				<key>CLANG_WARN_BOOL_CONVERSION</key>
				<string>YES</string>
				<key>CLANG_WARN_CONSTANT_CONVERSION</key>
				<string>YES</string>
				<key>CLANG_WARN_DIRECT_OBJC_ISA_USAGE</key>
				<string>YES_ERROR</string>
				<key>CLANG_WARN_EMPTY_BODY</key>
				<string>YES</string>
				<key>CLANG_WARN_ENUM_CONVERSION</key>
				<string>YES</string>
				<key>CLANG_WARN_INT_CONVERSION</key>
				<string>YES</string>
				<key>CLANG_WARN_OBJC_ROOT_CLASS</key>
				<string>YES_ERROR</string>
				<key>CLANG_WARN__DUPLICATE_METHOD_MATCH</key>
				<string>YES</string>
				<key>CODE_SIGN_IDENTITY[sdk=iphoneos*]</key>
				<string>iPhone Developer</string>
				<key>COPY_PHASE_STRIP</key>
				<string>NO</string>
				<key>GCC_C_LANGUAGE_STANDARD</key>
				<string>gnu99</string>
				<key>GCC_DYNAMIC_NO_PIC</key>
				<string>NO</string>
				<key>GCC_OPTIMIZATION_LEVEL</key>
				<string>0</string>
				<key>GCC_PREPROCESSOR_DEFINITIONS</key>
				<array>
					<string>DEBUG=1</string>
					<string>$(inherited)</string>
				</array>
				<key>GCC_SYMBOLS_PRIVATE_EXTERN</key>
				<string>NO</string>
				<key>GCC_WARN_64_TO_32_BIT_CONVERSION</key>
				<string>YES</string>
				<key>GCC_WARN_ABOUT_RETURN_TYPE</key>
				<string>YES_ERROR</string>
				<key>GCC_WARN_UNDECLARED_SELECTOR</key>
				<string>YES</string>
				<key>GCC_WARN_UNINITIALIZED_AUTOS</key>
				<string>YES_AGGRESSIVE</string>
				<key>GCC_WARN_UNUSED_FUNCTION</key>
				<string>YES</string>
				<key>GCC_WARN_UNUSED_VARIABLE</key>
				<string>YES</string>
				<key>IPHONEOS_DEPLOYMENT_TARGET</key>
				<string>7.1</string>
				<key>ONLY_ACTIVE_ARCH</key>
				<string>YES</string>
				<key>SDKROOT</key>
				<string>iphoneos</string>
			</dict>
			<key>isa</key>
			<string>XCBuildConfiguration</string>
			<key>name</key>
			<string>Debug</string>
		</dict>
		<key>3F4864131972CC0A0072668B</key>
		<dict>
			<key>buildSettings</key>
			<dict>
				<key>ALWAYS_SEARCH_USER_PATHS</key>
				<string>NO</string>
				<key>CLANG_CXX_LANGUAGE_STANDARD</key>
				<string>gnu++0x</string>
				<key>CLANG_CXX_LIBRARY</key>
				<string>libc++</string>
				<key>CLANG_ENABLE_MODULES</key>
				<string>YES</string>
				<key>CLANG_ENABLE_OBJC_ARC</key>
				<string>YES</string>
				<key>CLANG_WARN_BOOL_CONVERSION</key>
				<string>YES</string>
				<key>CLANG_WARN_CONSTANT_CONVERSION</key>
				<string>YES</string>
				<key>CLANG_WARN_DIRECT_OBJC_ISA_USAGE</key>
				<string>YES_ERROR</string>
				<key>CLANG_WARN_EMPTY_BODY</key>
				<string>YES</string>
				<key>CLANG_WARN_ENUM_CONVERSION</key>
				<string>YES</string>
				<key>CLANG_WARN_INT_CONVERSION</key>
				<string>YES</string>
				<key>CLANG_WARN_OBJC_ROOT_CLASS</key>
				<string>YES_ERROR</string>
				<key>CLANG_WARN__DUPLICATE_METHOD_MATCH</key>
				<string>YES</string>
				<key>CODE_SIGN_IDENTITY[sdk=iphoneos*]</key>
				<string>iPhone Developer</string>
				<key>COPY_PHASE_STRIP</key>
				<string>YES</string>
				<key>ENABLE_NS_ASSERTIONS</key>
				<string>NO</string>
				<key>GCC_C_LANGUAGE_STANDARD</key>
				<string>gnu99</string>
				<key>GCC_WARN_64_TO_32_BIT_CONVERSION</key>
				<string>YES</string>
				<key>GCC_WARN_ABOUT_RETURN_TYPE</key>
				<string>YES_ERROR</string>
				<key>GCC_WARN_UNDECLARED_SELECTOR</key>
				<string>YES</string>
				<key>GCC_WARN_UNINITIALIZED_AUTOS</key>
				<string>YES_AGGRESSIVE</string>
				<key>GCC_WARN_UNUSED_FUNCTION</key>
				<string>YES</string>
				<key>GCC_WARN_UNUSED_VARIABLE</key>
				<string>YES</string>
				<key>IPHONEOS_DEPLOYMENT_TARGET</key>
				<string>7.1</string>
				<key>SDKROOT</key>
				<string>iphoneos</string>
				<key>VALIDATE_PRODUCT</key>
				<string>YES</string>
			</dict>
			<key>isa</key>
			<string>XCBuildConfiguration</string>
			<key>name</key>
			<string>Release</string>
		</dict>
		<key>3F4864141972CC0A0072668B</key>
		<dict>
			<key>buildConfigurations</key>
			<array>
				<string>3F4864151972CC0A0072668B</string>
				<string>3F4864161972CC0A0072668B</string>
			</array>
			<key>defaultConfigurationIsVisible</key>
			<string>0</string>
			<key>defaultConfigurationName</key>
			<string>Release</string>
			<key>isa</key>
			<string>XCConfigurationList</string>
		</dict>
		<key>3F4864151972CC0A0072668B</key>
		<dict>
			<key>buildSettings</key>
			<dict>
				<key>ASSETCATALOG_COMPILER_APPICON_NAME</key>
				<string>AppIcon</string>
				<key>ASSETCATALOG_COMPILER_LAUNCHIMAGE_NAME</key>
				<string>LaunchImage</string>
				<key>GCC_PRECOMPILE_PREFIX_HEADER</key>
				<string>YES</string>
				<key>GCC_PREFIX_HEADER</key>
				<string>CitypPosters/Supporting Files/CitypPosters-Prefix.pch</string>
				<key>INFOPLIST_FILE</key>
				<string>CitypPosters/Supporting Files/CitypPosters-Info.plist</string>
				<key>PRODUCT_NAME</key>
				<string>$(TARGET_NAME)</string>
				<key>WRAPPER_EXTENSION</key>
				<string>app</string>
			</dict>
			<key>isa</key>
			<string>XCBuildConfiguration</string>
			<key>name</key>
			<string>Debug</string>
		</dict>
		<key>3F4864161972CC0A0072668B</key>
		<dict>
			<key>buildSettings</key>
			<dict>
				<key>ASSETCATALOG_COMPILER_APPICON_NAME</key>
				<string>AppIcon</string>
				<key>ASSETCATALOG_COMPILER_LAUNCHIMAGE_NAME</key>
				<string>LaunchImage</string>
				<key>GCC_PRECOMPILE_PREFIX_HEADER</key>
				<string>YES</string>
				<key>GCC_PREFIX_HEADER</key>
				<string>CitypPosters/Supporting Files/CitypPosters-Prefix.pch</string>
				<key>INFOPLIST_FILE</key>
				<string>CitypPosters/Supporting Files/CitypPosters-Info.plist</string>
				<key>PRODUCT_NAME</key>
				<string>$(TARGET_NAME)</string>
				<key>WRAPPER_EXTENSION</key>
				<string>app</string>
			</dict>
			<key>isa</key>
			<string>XCBuildConfiguration</string>
			<key>name</key>
			<string>Release</string>
		</dict>
		<key>3F4864171972CC0A0072668B</key>
		<dict>
			<key>buildConfigurations</key>
			<array>
				<string>3F4864181972CC0A0072668B</string>
				<string>3F4864191972CC0A0072668B</string>
			</array>
			<key>defaultConfigurationIsVisible</key>
			<string>0</string>
			<key>defaultConfigurationName</key>
			<string>Release</string>
			<key>isa</key>
			<string>XCConfigurationList</string>
		</dict>
		<key>3F4864181972CC0A0072668B</key>
		<dict>
			<key>baseConfigurationReference</key>
			<string>4588BBA9BD0740D58B6B75BD</string>
			<key>buildSettings</key>
			<dict>
				<key>BUNDLE_LOADER</key>
				<string>$(BUILT_PRODUCTS_DIR)/CitypPosters.app/CitypPosters</string>
				<key>FRAMEWORK_SEARCH_PATHS</key>
				<array>
					<string>$(SDKROOT)/Developer/Library/Frameworks</string>
					<string>$(inherited)</string>
					<string>$(DEVELOPER_FRAMEWORKS_DIR)</string>
				</array>
				<key>GCC_PRECOMPILE_PREFIX_HEADER</key>
				<string>YES</string>
				<key>GCC_PREFIX_HEADER</key>
				<string>CitypPosters/Supporting Files/CitypPosters-Prefix.pch</string>
				<key>GCC_PREPROCESSOR_DEFINITIONS</key>
				<array>
					<string>DEBUG=1</string>
					<string>$(inherited)</string>
				</array>
				<key>INFOPLIST_FILE</key>
				<string>CitypPostersTests/Supporting Files/CitypPostersTests-Info.plist</string>
				<key>PRODUCT_NAME</key>
				<string>$(TARGET_NAME)</string>
				<key>TEST_HOST</key>
				<string>$(BUNDLE_LOADER)</string>
				<key>WRAPPER_EXTENSION</key>
				<string>xctest</string>
			</dict>
			<key>isa</key>
			<string>XCBuildConfiguration</string>
			<key>name</key>
			<string>Debug</string>
		</dict>
		<key>3F4864191972CC0A0072668B</key>
		<dict>
			<key>baseConfigurationReference</key>
			<string>4588BBA9BD0740D58B6B75BD</string>
			<key>buildSettings</key>
			<dict>
				<key>BUNDLE_LOADER</key>
				<string>$(BUILT_PRODUCTS_DIR)/CitypPosters.app/CitypPosters</string>
				<key>FRAMEWORK_SEARCH_PATHS</key>
				<array>
					<string>$(SDKROOT)/Developer/Library/Frameworks</string>
					<string>$(inherited)</string>
					<string>$(DEVELOPER_FRAMEWORKS_DIR)</string>
				</array>
				<key>GCC_PRECOMPILE_PREFIX_HEADER</key>
				<string>YES</string>
				<key>GCC_PREFIX_HEADER</key>
				<string>CitypPosters/Supporting Files/CitypPosters-Prefix.pch</string>
				<key>INFOPLIST_FILE</key>
				<string>CitypPostersTests/Supporting Files/CitypPostersTests-Info.plist</string>
				<key>PRODUCT_NAME</key>
				<string>$(TARGET_NAME)</string>
				<key>TEST_HOST</key>
				<string>$(BUNDLE_LOADER)</string>
				<key>WRAPPER_EXTENSION</key>
				<string>xctest</string>
			</dict>
			<key>isa</key>
			<string>XCBuildConfiguration</string>
			<key>name</key>
			<string>Release</string>
		</dict>
		<key>3F48641A1972CC110072668B</key>
		<dict>
			<key>children</key>
			<array>
				<string>3F48642A1972E4410072668B</string>
				<string>3F48641B1972CC340072668B</string>
			</array>
			<key>isa</key>
			<string>PBXGroup</string>
			<key>name</key>
			<string>Views</string>
			<key>path</key>
			<string>Views</string>
			<key>sourceTree</key>
			<string>&lt;group&gt;</string>
		</dict>
		<key>3F48641B1972CC340072668B</key>
		<dict>
			<key>fileEncoding</key>
			<string>4</string>
			<key>isa</key>
			<string>PBXFileReference</string>
			<key>lastKnownFileType</key>
			<string>file.storyboard</string>
			<key>path</key>
			<string>Posters_iPhone.storyboard</string>
			<key>sourceTree</key>
			<string>&lt;group&gt;</string>
		</dict>
		<key>3F48641C1972CC340072668B</key>
		<dict>
			<key>fileRef</key>
			<string>3F48641B1972CC340072668B</string>
			<key>isa</key>
			<string>PBXBuildFile</string>
		</dict>
		<key>3F48641D1972CD350072668B</key>
		<dict>
			<key>children</key>
			<array>
				<string>3F48643A197316B70072668B</string>
				<string>3F486430197314620072668B</string>
				<string>3F4864211972CF450072668B</string>
				<string>3F48641E1972CD5D0072668B</string>
				<string>3F48641F1972CD5D0072668B</string>
				<string>3F486437197315630072668B</string>
				<string>3F486438197315630072668B</string>
			</array>
			<key>isa</key>
			<string>PBXGroup</string>
			<key>name</key>
			<string>Controllers</string>
			<key>path</key>
			<string>Controllers</string>
			<key>sourceTree</key>
			<string>&lt;group&gt;</string>
		</dict>
		<key>3F48641E1972CD5D0072668B</key>
		<dict>
			<key>fileEncoding</key>
			<string>4</string>
			<key>isa</key>
			<string>PBXFileReference</string>
			<key>lastKnownFileType</key>
			<string>sourcecode.c.h</string>
			<key>path</key>
			<string>CYPPostersViewController.h</string>
			<key>sourceTree</key>
			<string>&lt;group&gt;</string>
		</dict>
		<key>3F48641F1972CD5D0072668B</key>
		<dict>
			<key>fileEncoding</key>
			<string>4</string>
			<key>isa</key>
			<string>PBXFileReference</string>
			<key>lastKnownFileType</key>
			<string>sourcecode.c.objc</string>
			<key>path</key>
			<string>CYPPostersViewController.m</string>
			<key>sourceTree</key>
			<string>&lt;group&gt;</string>
		</dict>
		<key>3F4864201972CD5D0072668B</key>
		<dict>
			<key>fileRef</key>
			<string>3F48641F1972CD5D0072668B</string>
			<key>isa</key>
			<string>PBXBuildFile</string>
		</dict>
		<key>3F4864211972CF450072668B</key>
		<dict>
			<key>children</key>
			<array/>
			<key>isa</key>
			<string>PBXGroup</string>
			<key>name</key>
			<string>Layouts</string>
			<key>path</key>
			<string>Layouts</string>
			<key>sourceTree</key>
			<string>&lt;group&gt;</string>
		</dict>
		<key>3F48642A1972E4410072668B</key>
		<dict>
			<key>children</key>
			<array>
				<string>3F48642B1972E4580072668B</string>
				<string>3F48642C1972E4580072668B</string>
			</array>
			<key>isa</key>
			<string>PBXGroup</string>
			<key>name</key>
			<string>Cells</string>
			<key>path</key>
			<string>Cells</string>
			<key>sourceTree</key>
			<string>&lt;group&gt;</string>
		</dict>
		<key>3F48642B1972E4580072668B</key>
		<dict>
			<key>fileEncoding</key>
			<string>4</string>
			<key>isa</key>
			<string>PBXFileReference</string>
			<key>lastKnownFileType</key>
			<string>sourcecode.c.h</string>
			<key>path</key>
			<string>CYPPosterCell.h</string>
			<key>sourceTree</key>
			<string>&lt;group&gt;</string>
		</dict>
		<key>3F48642C1972E4580072668B</key>
		<dict>
			<key>fileEncoding</key>
			<string>4</string>
			<key>isa</key>
			<string>PBXFileReference</string>
			<key>lastKnownFileType</key>
			<string>sourcecode.c.objc</string>
			<key>path</key>
			<string>CYPPosterCell.m</string>
			<key>sourceTree</key>
			<string>&lt;group&gt;</string>
		</dict>
		<key>3F48642D1972E4580072668B</key>
		<dict>
			<key>fileRef</key>
			<string>3F48642C1972E4580072668B</string>
			<key>isa</key>
			<string>PBXBuildFile</string>
		</dict>
		<key>3F48642E1972FFAD0072668B</key>
		<dict>
			<key>fileEncoding</key>
			<string>4</string>
			<key>isa</key>
			<string>PBXFileReference</string>
			<key>lastKnownFileType</key>
			<string>sourcecode.c.objc</string>
			<key>path</key>
			<string>CYPPosterCellTests.m</string>
			<key>sourceTree</key>
			<string>&lt;group&gt;</string>
		</dict>
		<key>3F48642F1972FFAD0072668B</key>
		<dict>
			<key>fileRef</key>
			<string>3F48642E1972FFAD0072668B</string>
			<key>isa</key>
			<string>PBXBuildFile</string>
		</dict>
		<key>3F486430197314620072668B</key>
		<dict>
			<key>children</key>
			<array>
				<string>3F486434197314AB0072668B</string>
				<string>3F486435197314AB0072668B</string>
			</array>
			<key>isa</key>
			<string>PBXGroup</string>
			<key>name</key>
			<string>Datasources</string>
			<key>path</key>
			<string>Datasources</string>
			<key>sourceTree</key>
			<string>&lt;group&gt;</string>
		</dict>
		<key>3F486434197314AB0072668B</key>
		<dict>
			<key>fileEncoding</key>
			<string>4</string>
			<key>isa</key>
			<string>PBXFileReference</string>
			<key>lastKnownFileType</key>
			<string>sourcecode.c.h</string>
			<key>path</key>
			<string>CYPPosterCollectionDatasource.h</string>
			<key>sourceTree</key>
			<string>&lt;group&gt;</string>
		</dict>
		<key>3F486435197314AB0072668B</key>
		<dict>
			<key>fileEncoding</key>
			<string>4</string>
			<key>isa</key>
			<string>PBXFileReference</string>
			<key>lastKnownFileType</key>
			<string>sourcecode.c.objc</string>
			<key>path</key>
			<string>CYPPosterCollectionDatasource.m</string>
			<key>sourceTree</key>
			<string>&lt;group&gt;</string>
		</dict>
		<key>3F486436197314AB0072668B</key>
		<dict>
			<key>fileRef</key>
			<string>3F486435197314AB0072668B</string>
			<key>isa</key>
			<string>PBXBuildFile</string>
		</dict>
		<key>3F486437197315630072668B</key>
		<dict>
			<key>fileEncoding</key>
			<string>4</string>
			<key>isa</key>
			<string>PBXFileReference</string>
			<key>lastKnownFileType</key>
			<string>sourcecode.c.h</string>
			<key>path</key>
			<string>CYPMainScreenViewController.h</string>
			<key>sourceTree</key>
			<string>&lt;group&gt;</string>
		</dict>
		<key>3F486438197315630072668B</key>
		<dict>
			<key>fileEncoding</key>
			<string>4</string>
			<key>isa</key>
			<string>PBXFileReference</string>
			<key>lastKnownFileType</key>
			<string>sourcecode.c.objc</string>
			<key>path</key>
			<string>CYPMainScreenViewController.m</string>
			<key>sourceTree</key>
			<string>&lt;group&gt;</string>
		</dict>
		<key>3F486439197315630072668B</key>
		<dict>
			<key>fileRef</key>
			<string>3F486438197315630072668B</string>
			<key>isa</key>
			<string>PBXBuildFile</string>
		</dict>
		<key>3F48643A197316B70072668B</key>
		<dict>
			<key>children</key>
			<array>
				<string>3F48643B197316E00072668B</string>
				<string>3F48643C197316E00072668B</string>
			</array>
			<key>isa</key>
			<string>PBXGroup</string>
			<key>name</key>
			<string>Delegates</string>
			<key>path</key>
			<string>Delegates</string>
			<key>sourceTree</key>
			<string>&lt;group&gt;</string>
		</dict>
		<key>3F48643B197316E00072668B</key>
		<dict>
			<key>fileEncoding</key>
			<string>4</string>
			<key>isa</key>
			<string>PBXFileReference</string>
			<key>lastKnownFileType</key>
			<string>sourcecode.c.h</string>
			<key>path</key>
			<string>CYPCollectionViewDelegateFlowLayout.h</string>
			<key>sourceTree</key>
			<string>&lt;group&gt;</string>
		</dict>
		<key>3F48643C197316E00072668B</key>
		<dict>
			<key>fileEncoding</key>
			<string>4</string>
			<key>isa</key>
			<string>PBXFileReference</string>
			<key>lastKnownFileType</key>
			<string>sourcecode.c.objc</string>
			<key>path</key>
			<string>CYPCollectionViewDelegateFlowLayout.m</string>
			<key>sourceTree</key>
			<string>&lt;group&gt;</string>
		</dict>
		<key>3F48643D197316E00072668B</key>
		<dict>
			<key>fileRef</key>
			<string>3F48643C197316E00072668B</string>
			<key>isa</key>
			<string>PBXBuildFile</string>
		</dict>
		<key>3F48643E1973BF730072668B</key>
		<dict>
			<key>children</key>
			<array>
				<string>3F48641D1972CD350072668B</string>
				<string>3F48641A1972CC110072668B</string>
			</array>
			<key>isa</key>
			<string>PBXGroup</string>
			<key>name</key>
			<string>Delivery</string>
			<key>path</key>
			<string>Delivery</string>
			<key>sourceTree</key>
			<string>&lt;group&gt;</string>
		</dict>
		<key>3F48643F1973BF7F0072668B</key>
		<dict>
			<key>children</key>
			<array>
				<string>3F4864831973F4870072668B</string>
				<string>3F4864401973BF840072668B</string>
				<string>3F4864411973C8230072668B</string>
			</array>
			<key>isa</key>
			<string>PBXGroup</string>
			<key>name</key>
			<string>Main</string>
			<key>path</key>
			<string>Main</string>
			<key>sourceTree</key>
			<string>&lt;group&gt;</string>
		</dict>
		<key>3F4864401973BF840072668B</key>
		<dict>
			<key>children</key>
			<array>
				<string>3F48979C19746A9F00A507E1</string>
				<string>3F48979D19746A9F00A507E1</string>
				<string>3F4864AB1974276E0072668B</string>
				<string>3F4864AC1974276E0072668B</string>
				<string>3F48649C19740E140072668B</string>
				<string>3F48649D19740E140072668B</string>
				<string>3F48648E197409BA0072668B</string>
				<string>3F48648F197409BA0072668B</string>
				<string>3F48649319740D620072668B</string>
				<string>3F48649419740D620072668B</string>
				<string>3F48647A1973E65D0072668B</string>
				<string>3F48647B1973E65D0072668B</string>
				<string>3F4864511973D0E20072668B</string>
				<string>3F4864521973D0E20072668B</string>
				<string>3F48649619740D7E0072668B</string>
				<string>3F48649719740D7E0072668B</string>
				<string>3F4864A8197422F40072668B</string>
				<string>3F4864A9197422F40072668B</string>
				<string>3F4864AE1974280D0072668B</string>
				<string>3F4864AF1974280D0072668B</string>
				<string>3F4897961974630B00A507E1</string>
				<string>3F4897971974630B00A507E1</string>
				<string>3F4897991974659A00A507E1</string>
				<string>3F48979A1974659A00A507E1</string>
			</array>
			<key>isa</key>
			<string>PBXGroup</string>
			<key>name</key>
			<string>Entities</string>
			<key>path</key>
			<string>Entities</string>
			<key>sourceTree</key>
			<string>&lt;group&gt;</string>
		</dict>
		<key>3F4864411973C8230072668B</key>
		<dict>
			<key>children</key>
			<array>
				<string>3F4864421973C8230072668B</string>
			</array>
			<key>currentVersion</key>
			<string>3F4864421973C8230072668B</string>
			<key>isa</key>
			<string>XCVersionGroup</string>
			<key>path</key>
			<string>CYPModel.xcdatamodeld</string>
			<key>sourceTree</key>
			<string>&lt;group&gt;</string>
			<key>versionGroupType</key>
			<string>wrapper.xcdatamodel</string>
		</dict>
		<key>3F4864421973C8230072668B</key>
		<dict>
			<key>isa</key>
			<string>PBXFileReference</string>
			<key>lastKnownFileType</key>
			<string>wrapper.xcdatamodel</string>
			<key>path</key>
			<string>CYPModel.xcdatamodel</string>
			<key>sourceTree</key>
			<string>&lt;group&gt;</string>
		</dict>
		<key>3F4864431973C8230072668B</key>
		<dict>
			<key>fileRef</key>
			<string>3F4864411973C8230072668B</string>
			<key>isa</key>
			<string>PBXBuildFile</string>
		</dict>
		<key>3F4864441973C84A0072668B</key>
		<dict>
			<key>children</key>
			<array>
				<string>3F4864851973F4AD0072668B</string>
				<string>3F4864841973F4A00072668B</string>
			</array>
			<key>isa</key>
			<string>PBXGroup</string>
			<key>name</key>
			<string>Main</string>
			<key>path</key>
			<string>Main</string>
			<key>sourceTree</key>
			<string>&lt;group&gt;</string>
		</dict>
		<key>3F4864451973C88A0072668B</key>
		<dict>
			<key>fileEncoding</key>
			<string>4</string>
			<key>isa</key>
			<string>PBXFileReference</string>
			<key>lastKnownFileType</key>
			<string>sourcecode.c.objc</string>
			<key>path</key>
			<string>CYPEventTests.m</string>
			<key>sourceTree</key>
			<string>&lt;group&gt;</string>
		</dict>
		<key>3F4864461973C88A0072668B</key>
		<dict>
			<key>fileRef</key>
			<string>3F4864451973C88A0072668B</string>
			<key>isa</key>
			<string>PBXBuildFile</string>
		</dict>
		<key>3F4864471973C95A0072668B</key>
		<dict>
			<key>fileRef</key>
			<string>3F4864411973C8230072668B</string>
			<key>isa</key>
			<string>PBXBuildFile</string>
		</dict>
		<key>3F4864511973D0E20072668B</key>
		<dict>
			<key>fileEncoding</key>
			<string>4</string>
			<key>isa</key>
			<string>PBXFileReference</string>
			<key>lastKnownFileType</key>
			<string>sourcecode.c.h</string>
			<key>path</key>
			<string>CYPDates.h</string>
			<key>sourceTree</key>
			<string>&lt;group&gt;</string>
		</dict>
		<key>3F4864521973D0E20072668B</key>
		<dict>
			<key>fileEncoding</key>
			<string>4</string>
			<key>isa</key>
			<string>PBXFileReference</string>
			<key>lastKnownFileType</key>
			<string>sourcecode.c.objc</string>
			<key>path</key>
			<string>CYPDates.m</string>
			<key>sourceTree</key>
			<string>&lt;group&gt;</string>
		</dict>
		<key>3F4864531973D0E20072668B</key>
		<dict>
			<key>fileRef</key>
			<string>3F4864521973D0E20072668B</string>
			<key>isa</key>
			<string>PBXBuildFile</string>
		</dict>
		<key>3F4864661973DF640072668B</key>
		<dict>
			<key>fileEncoding</key>
			<string>4</string>
			<key>isa</key>
			<string>PBXFileReference</string>
			<key>lastKnownFileType</key>
			<string>sourcecode.c.objc</string>
			<key>path</key>
			<string>CYPVenueTests.m</string>
			<key>sourceTree</key>
			<string>&lt;group&gt;</string>
		</dict>
		<key>3F4864671973DF640072668B</key>
		<dict>
			<key>fileRef</key>
			<string>3F4864661973DF640072668B</string>
			<key>isa</key>
			<string>PBXBuildFile</string>
		</dict>
		<key>3F48647A1973E65D0072668B</key>
		<dict>
			<key>fileEncoding</key>
			<string>4</string>
			<key>isa</key>
			<string>PBXFileReference</string>
			<key>lastKnownFileType</key>
			<string>sourcecode.c.h</string>
			<key>path</key>
			<string>CYPGenre.h</string>
			<key>sourceTree</key>
			<string>&lt;group&gt;</string>
		</dict>
		<key>3F48647B1973E65D0072668B</key>
		<dict>
			<key>fileEncoding</key>
			<string>4</string>
			<key>isa</key>
			<string>PBXFileReference</string>
			<key>lastKnownFileType</key>
			<string>sourcecode.c.objc</string>
			<key>path</key>
			<string>CYPGenre.m</string>
			<key>sourceTree</key>
			<string>&lt;group&gt;</string>
		</dict>
		<key>3F48647C1973E65D0072668B</key>
		<dict>
			<key>fileRef</key>
			<string>3F48647B1973E65D0072668B</string>
			<key>isa</key>
			<string>PBXBuildFile</string>
		</dict>
		<key>3F4864831973F4870072668B</key>
		<dict>
			<key>children</key>
			<array>
				<string>3F4864861973F4DC0072668B</string>
				<string>3F4864871973F4DC0072668B</string>
			</array>
			<key>isa</key>
			<string>PBXGroup</string>
			<key>name</key>
			<string>Model</string>
			<key>path</key>
			<string>Model</string>
			<key>sourceTree</key>
			<string>&lt;group&gt;</string>
		</dict>
		<key>3F4864841973F4A00072668B</key>
		<dict>
			<key>children</key>
			<array>
				<string>3F4864451973C88A0072668B</string>
				<string>3F4864661973DF640072668B</string>
				<string>3F48649119740CDA0072668B</string>
			</array>
			<key>isa</key>
			<string>PBXGroup</string>
			<key>name</key>
			<string>Entities</string>
			<key>path</key>
			<string>Entities</string>
			<key>sourceTree</key>
			<string>&lt;group&gt;</string>
		</dict>
		<key>3F4864851973F4AD0072668B</key>
		<dict>
			<key>children</key>
			<array>
				<string>3F4864891973F4F30072668B</string>
			</array>
			<key>isa</key>
			<string>PBXGroup</string>
			<key>name</key>
			<string>Model</string>
			<key>path</key>
			<string>Model</string>
			<key>sourceTree</key>
			<string>&lt;group&gt;</string>
		</dict>
		<key>3F4864861973F4DC0072668B</key>
		<dict>
			<key>fileEncoding</key>
			<string>4</string>
			<key>isa</key>
			<string>PBXFileReference</string>
			<key>lastKnownFileType</key>
			<string>sourcecode.c.h</string>
			<key>path</key>
			<string>CYPModelDocument.h</string>
			<key>sourceTree</key>
			<string>&lt;group&gt;</string>
		</dict>
		<key>3F4864871973F4DC0072668B</key>
		<dict>
			<key>fileEncoding</key>
			<string>4</string>
			<key>isa</key>
			<string>PBXFileReference</string>
			<key>lastKnownFileType</key>
			<string>sourcecode.c.objc</string>
			<key>path</key>
			<string>CYPModelDocument.m</string>
			<key>sourceTree</key>
			<string>&lt;group&gt;</string>
		</dict>
		<key>3F4864881973F4DC0072668B</key>
		<dict>
			<key>fileRef</key>
			<string>3F4864871973F4DC0072668B</string>
			<key>isa</key>
			<string>PBXBuildFile</string>
		</dict>
		<key>3F4864891973F4F30072668B</key>
		<dict>
			<key>fileEncoding</key>
			<string>4</string>
			<key>isa</key>
			<string>PBXFileReference</string>
			<key>lastKnownFileType</key>
			<string>sourcecode.c.objc</string>
			<key>path</key>
			<string>CYPModelDocumentTests.m</string>
			<key>sourceTree</key>
			<string>&lt;group&gt;</string>
		</dict>
		<key>3F48648A1973F4F30072668B</key>
		<dict>
			<key>fileRef</key>
			<string>3F4864891973F4F30072668B</string>
			<key>isa</key>
			<string>PBXBuildFile</string>
		</dict>
		<key>3F48648E197409BA0072668B</key>
		<dict>
			<key>fileEncoding</key>
			<string>4</string>
			<key>isa</key>
			<string>PBXFileReference</string>
			<key>lastKnownFileType</key>
			<string>sourcecode.c.h</string>
			<key>path</key>
			<string>CYPEvent+Model.h</string>
			<key>sourceTree</key>
			<string>&lt;group&gt;</string>
		</dict>
		<key>3F48648F197409BA0072668B</key>
		<dict>
			<key>fileEncoding</key>
			<string>4</string>
			<key>isa</key>
			<string>PBXFileReference</string>
			<key>lastKnownFileType</key>
			<string>sourcecode.c.objc</string>
			<key>path</key>
			<string>CYPEvent+Model.m</string>
			<key>sourceTree</key>
			<string>&lt;group&gt;</string>
		</dict>
		<key>3F486490197409BA0072668B</key>
		<dict>
			<key>fileRef</key>
			<string>3F48648F197409BA0072668B</string>
			<key>isa</key>
			<string>PBXBuildFile</string>
		</dict>
		<key>3F48649119740CDA0072668B</key>
		<dict>
			<key>fileEncoding</key>
			<string>4</string>
			<key>isa</key>
			<string>PBXFileReference</string>
			<key>lastKnownFileType</key>
			<string>sourcecode.c.objc</string>
			<key>path</key>
			<string>CYPArtistTests.m</string>
			<key>sourceTree</key>
			<string>&lt;group&gt;</string>
		</dict>
		<key>3F48649219740CDA0072668B</key>
		<dict>
			<key>fileRef</key>
			<string>3F48649119740CDA0072668B</string>
			<key>isa</key>
			<string>PBXBuildFile</string>
		</dict>
		<key>3F48649319740D620072668B</key>
		<dict>
			<key>fileEncoding</key>
			<string>4</string>
			<key>isa</key>
			<string>PBXFileReference</string>
			<key>lastKnownFileType</key>
			<string>sourcecode.c.h</string>
			<key>path</key>
			<string>CYPArtist.h</string>
			<key>sourceTree</key>
			<string>&lt;group&gt;</string>
		</dict>
		<key>3F48649419740D620072668B</key>
		<dict>
			<key>fileEncoding</key>
			<string>4</string>
			<key>isa</key>
			<string>PBXFileReference</string>
			<key>lastKnownFileType</key>
			<string>sourcecode.c.objc</string>
			<key>path</key>
			<string>CYPArtist.m</string>
			<key>sourceTree</key>
			<string>&lt;group&gt;</string>
		</dict>
		<key>3F48649519740D620072668B</key>
		<dict>
			<key>fileRef</key>
			<string>3F48649419740D620072668B</string>
			<key>isa</key>
			<string>PBXBuildFile</string>
		</dict>
		<key>3F48649619740D7E0072668B</key>
		<dict>
			<key>fileEncoding</key>
			<string>4</string>
			<key>isa</key>
			<string>PBXFileReference</string>
			<key>lastKnownFileType</key>
			<string>sourcecode.c.h</string>
			<key>path</key>
			<string>CYPArtist+Model.h</string>
			<key>sourceTree</key>
			<string>&lt;group&gt;</string>
		</dict>
		<key>3F48649719740D7E0072668B</key>
		<dict>
			<key>fileEncoding</key>
			<string>4</string>
			<key>isa</key>
			<string>PBXFileReference</string>
			<key>lastKnownFileType</key>
			<string>sourcecode.c.objc</string>
			<key>path</key>
			<string>CYPArtist+Model.m</string>
			<key>sourceTree</key>
			<string>&lt;group&gt;</string>
		</dict>
		<key>3F48649819740D7E0072668B</key>
		<dict>
			<key>fileRef</key>
			<string>3F48649719740D7E0072668B</string>
			<key>isa</key>
			<string>PBXBuildFile</string>
		</dict>
		<key>3F48649C19740E140072668B</key>
		<dict>
			<key>fileEncoding</key>
			<string>4</string>
			<key>isa</key>
			<string>PBXFileReference</string>
			<key>lastKnownFileType</key>
			<string>sourcecode.c.h</string>
			<key>path</key>
			<string>CYPCity.h</string>
			<key>sourceTree</key>
			<string>&lt;group&gt;</string>
		</dict>
		<key>3F48649D19740E140072668B</key>
		<dict>
			<key>fileEncoding</key>
			<string>4</string>
			<key>isa</key>
			<string>PBXFileReference</string>
			<key>lastKnownFileType</key>
			<string>sourcecode.c.objc</string>
			<key>path</key>
			<string>CYPCity.m</string>
			<key>sourceTree</key>
			<string>&lt;group&gt;</string>
		</dict>
		<key>3F48649E19740E140072668B</key>
		<dict>
			<key>fileRef</key>
			<string>3F48649D19740E140072668B</string>
			<key>isa</key>
			<string>PBXBuildFile</string>
		</dict>
		<key>3F4864A8197422F40072668B</key>
		<dict>
			<key>fileEncoding</key>
			<string>4</string>
			<key>isa</key>
			<string>PBXFileReference</string>
			<key>lastKnownFileType</key>
			<string>sourcecode.c.h</string>
			<key>path</key>
			<string>CYPVenue+Model.h</string>
			<key>sourceTree</key>
			<string>&lt;group&gt;</string>
		</dict>
		<key>3F4864A9197422F40072668B</key>
		<dict>
			<key>fileEncoding</key>
			<string>4</string>
			<key>isa</key>
			<string>PBXFileReference</string>
			<key>lastKnownFileType</key>
			<string>sourcecode.c.objc</string>
			<key>path</key>
			<string>CYPVenue+Model.m</string>
			<key>sourceTree</key>
			<string>&lt;group&gt;</string>
		</dict>
		<key>3F4864AA197422F40072668B</key>
		<dict>
			<key>fileRef</key>
			<string>3F4864A9197422F40072668B</string>
			<key>isa</key>
			<string>PBXBuildFile</string>
		</dict>
		<key>3F4864AB1974276E0072668B</key>
		<dict>
			<key>fileEncoding</key>
			<string>4</string>
			<key>isa</key>
			<string>PBXFileReference</string>
			<key>lastKnownFileType</key>
			<string>sourcecode.c.h</string>
			<key>path</key>
			<string>CYPVenue.h</string>
			<key>sourceTree</key>
			<string>&lt;group&gt;</string>
		</dict>
		<key>3F4864AC1974276E0072668B</key>
		<dict>
			<key>fileEncoding</key>
			<string>4</string>
			<key>isa</key>
			<string>PBXFileReference</string>
			<key>lastKnownFileType</key>
			<string>sourcecode.c.objc</string>
			<key>path</key>
			<string>CYPVenue.m</string>
			<key>sourceTree</key>
			<string>&lt;group&gt;</string>
		</dict>
		<key>3F4864AD1974276E0072668B</key>
		<dict>
			<key>fileRef</key>
			<string>3F4864AC1974276E0072668B</string>
			<key>isa</key>
			<string>PBXBuildFile</string>
		</dict>
		<key>3F4864AE1974280D0072668B</key>
		<dict>
			<key>fileEncoding</key>
			<string>4</string>
			<key>isa</key>
			<string>PBXFileReference</string>
			<key>lastKnownFileType</key>
			<string>sourcecode.c.h</string>
			<key>path</key>
			<string>CYPCity+Model.h</string>
			<key>sourceTree</key>
			<string>&lt;group&gt;</string>
		</dict>
		<key>3F4864AF1974280D0072668B</key>
		<dict>
			<key>fileEncoding</key>
			<string>4</string>
			<key>isa</key>
			<string>PBXFileReference</string>
			<key>lastKnownFileType</key>
			<string>sourcecode.c.objc</string>
			<key>path</key>
			<string>CYPCity+Model.m</string>
			<key>sourceTree</key>
			<string>&lt;group&gt;</string>
		</dict>
		<key>3F4864B01974280D0072668B</key>
		<dict>
			<key>fileRef</key>
			<string>3F4864AF1974280D0072668B</string>
			<key>isa</key>
			<string>PBXBuildFile</string>
		</dict>
		<key>3F4897961974630B00A507E1</key>
		<dict>
			<key>fileEncoding</key>
			<string>4</string>
			<key>isa</key>
			<string>PBXFileReference</string>
			<key>lastKnownFileType</key>
			<string>sourcecode.c.h</string>
			<key>path</key>
			<string>CYPGenre+Model.h</string>
			<key>sourceTree</key>
			<string>&lt;group&gt;</string>
		</dict>
		<key>3F4897971974630B00A507E1</key>
		<dict>
			<key>fileEncoding</key>
			<string>4</string>
			<key>isa</key>
			<string>PBXFileReference</string>
			<key>lastKnownFileType</key>
			<string>sourcecode.c.objc</string>
			<key>path</key>
			<string>CYPGenre+Model.m</string>
			<key>sourceTree</key>
			<string>&lt;group&gt;</string>
		</dict>
		<key>3F4897981974630B00A507E1</key>
		<dict>
			<key>fileRef</key>
			<string>3F4897971974630B00A507E1</string>
			<key>isa</key>
			<string>PBXBuildFile</string>
		</dict>
		<key>3F4897991974659A00A507E1</key>
		<dict>
			<key>fileEncoding</key>
			<string>4</string>
			<key>isa</key>
			<string>PBXFileReference</string>
			<key>lastKnownFileType</key>
			<string>sourcecode.c.h</string>
			<key>path</key>
			<string>CYPDates+Model.h</string>
			<key>sourceTree</key>
			<string>&lt;group&gt;</string>
		</dict>
		<key>3F48979A1974659A00A507E1</key>
		<dict>
			<key>fileEncoding</key>
			<string>4</string>
			<key>isa</key>
			<string>PBXFileReference</string>
			<key>lastKnownFileType</key>
			<string>sourcecode.c.objc</string>
			<key>path</key>
			<string>CYPDates+Model.m</string>
			<key>sourceTree</key>
			<string>&lt;group&gt;</string>
		</dict>
		<key>3F48979B1974659A00A507E1</key>
		<dict>
			<key>fileRef</key>
			<string>3F48979A1974659A00A507E1</string>
			<key>isa</key>
			<string>PBXBuildFile</string>
		</dict>
		<key>3F48979C19746A9F00A507E1</key>
		<dict>
			<key>fileEncoding</key>
			<string>4</string>
			<key>isa</key>
			<string>PBXFileReference</string>
			<key>lastKnownFileType</key>
			<string>sourcecode.c.h</string>
			<key>path</key>
			<string>CYPEvent.h</string>
			<key>sourceTree</key>
			<string>&lt;group&gt;</string>
		</dict>
		<key>3F48979D19746A9F00A507E1</key>
		<dict>
			<key>fileEncoding</key>
			<string>4</string>
			<key>isa</key>
			<string>PBXFileReference</string>
			<key>lastKnownFileType</key>
			<string>sourcecode.c.objc</string>
			<key>path</key>
			<string>CYPEvent.m</string>
			<key>sourceTree</key>
			<string>&lt;group&gt;</string>
		</dict>
		<key>3F48979E19746A9F00A507E1</key>
		<dict>
			<key>fileRef</key>
			<string>3F48979D19746A9F00A507E1</string>
			<key>isa</key>
			<string>PBXBuildFile</string>
		</dict>
		<key>4588BBA9BD0740D58B6B75BD</key>
		<dict>
			<key>includeInIndex</key>
			<string>1</string>
			<key>isa</key>
			<string>PBXFileReference</string>
			<key>lastKnownFileType</key>
			<string>text.xcconfig</string>
			<key>name</key>
			<string>Pods-CitypPostersTests.xcconfig</string>
			<key>path</key>
			<string>Pods/Pods-CitypPostersTests.xcconfig</string>
			<key>sourceTree</key>
			<string>&lt;group&gt;</string>
		</dict>
		<key>4A4A2AA3ECF849B4831134C6</key>
		<dict>
			<key>fileRef</key>
			<string>8C1A7BB2AEB740739DB7797B</string>
			<key>isa</key>
			<string>PBXBuildFile</string>
		</dict>
		<key>8C1A7BB2AEB740739DB7797B</key>
		<dict>
			<key>explicitFileType</key>
			<string>archive.ar</string>
			<key>includeInIndex</key>
			<string>0</string>
			<key>isa</key>
			<string>PBXFileReference</string>
			<key>path</key>
			<string>libPods-CitypPostersTests.a</string>
			<key>sourceTree</key>
			<string>BUILT_PRODUCTS_DIR</string>
		</dict>
		<key>DAF221B494F240D4B67EF988</key>
		<dict>
			<key>buildActionMask</key>
			<string>2147483647</string>
			<key>files</key>
			<array/>
			<key>inputPaths</key>
			<array/>
			<key>isa</key>
			<string>PBXShellScriptBuildPhase</string>
			<key>name</key>
			<string>Check Pods Manifest.lock</string>
			<key>outputPaths</key>
			<array/>
			<key>runOnlyForDeploymentPostprocessing</key>
			<string>0</string>
			<key>shellPath</key>
			<string>/bin/sh</string>
			<key>shellScript</key>
			<string>diff "${PODS_ROOT}/../Podfile.lock" "${PODS_ROOT}/Manifest.lock" &gt; /dev/null
if [[ $? != 0 ]] ; then
    cat &lt;&lt; EOM
error: The sandbox is not in sync with the Podfile.lock. Run 'pod install' or update your CocoaPods installation.
EOM
    exit 1
fi
</string>
			<key>showEnvVarsInLog</key>
			<string>0</string>
		</dict>
	</dict>
	<key>rootObject</key>
	<string>3F4863DA1972CC0A0072668B</string>
</dict>
</plist>
