// !$*UTF8*$!
{
	archiveVersion = 1;
	classes = {
	};
	objectVersion = 46;
	objects = {

/* Begin PBXBuildFile section */
		3F0D3CA61976FEAB002B3B77 /* CYPFetchResultControllerManager.m in Sources */ = {isa = PBXBuildFile; fileRef = 3F0D3CA51976FEAB002B3B77 /* CYPFetchResultControllerManager.m */; };
		3F0D3CA91977056C002B3B77 /* CYPNetworkManager.m in Sources */ = {isa = PBXBuildFile; fileRef = 3F0D3CA81977056C002B3B77 /* CYPNetworkManager.m */; };
		3F0D3CAC197709E5002B3B77 /* CYPImagePersistence.m in Sources */ = {isa = PBXBuildFile; fileRef = 3F0D3CAB197709E5002B3B77 /* CYPImagePersistence.m */; };
		3F0D3CAF19770D76002B3B77 /* CYPEventManager.m in Sources */ = {isa = PBXBuildFile; fileRef = 3F0D3CAE19770D76002B3B77 /* CYPEventManager.m */; };
		3F1801CE197ACC6000A66AC5 /* CYPGenresFilterDatasource.m in Sources */ = {isa = PBXBuildFile; fileRef = 3F1801CD197ACC6000A66AC5 /* CYPGenresFilterDatasource.m */; };
		3F1A3323197D03B0001FC160 /* EventKit.framework in Frameworks */ = {isa = PBXBuildFile; fileRef = 3F1A3322197D03B0001FC160 /* EventKit.framework */; };
		3F1A3326197D0467001FC160 /* CYPCalendarHelper.m in Sources */ = {isa = PBXBuildFile; fileRef = 3F1A3325197D0467001FC160 /* CYPCalendarHelper.m */; };
		3F1A3329197D0AF3001FC160 /* CYPAlertViewHelper.m in Sources */ = {isa = PBXBuildFile; fileRef = 3F1A3328197D0AF3001FC160 /* CYPAlertViewHelper.m */; };
		3F1A332C197D241F001FC160 /* CYPEventActionsManager.m in Sources */ = {isa = PBXBuildFile; fileRef = 3F1A332B197D241F001FC160 /* CYPEventActionsManager.m */; };
		3F4863E61972CC0A0072668B /* Foundation.framework in Frameworks */ = {isa = PBXBuildFile; fileRef = 3F4863E51972CC0A0072668B /* Foundation.framework */; };
		3F4863E81972CC0A0072668B /* CoreGraphics.framework in Frameworks */ = {isa = PBXBuildFile; fileRef = 3F4863E71972CC0A0072668B /* CoreGraphics.framework */; };
		3F4863EA1972CC0A0072668B /* UIKit.framework in Frameworks */ = {isa = PBXBuildFile; fileRef = 3F4863E91972CC0A0072668B /* UIKit.framework */; };
		3F4863EC1972CC0A0072668B /* CoreData.framework in Frameworks */ = {isa = PBXBuildFile; fileRef = 3F4863EB1972CC0A0072668B /* CoreData.framework */; };
		3F4863F21972CC0A0072668B /* InfoPlist.strings in Resources */ = {isa = PBXBuildFile; fileRef = 3F4863F01972CC0A0072668B /* InfoPlist.strings */; };
		3F4863F41972CC0A0072668B /* main.m in Sources */ = {isa = PBXBuildFile; fileRef = 3F4863F31972CC0A0072668B /* main.m */; };
		3F4863F81972CC0A0072668B /* CYPAppDelegate.m in Sources */ = {isa = PBXBuildFile; fileRef = 3F4863F71972CC0A0072668B /* CYPAppDelegate.m */; };
		3F4863FD1972CC0A0072668B /* Images.xcassets in Resources */ = {isa = PBXBuildFile; fileRef = 3F4863FC1972CC0A0072668B /* Images.xcassets */; };
		3F4864041972CC0A0072668B /* XCTest.framework in Frameworks */ = {isa = PBXBuildFile; fileRef = 3F4864031972CC0A0072668B /* XCTest.framework */; };
		3F4864051972CC0A0072668B /* Foundation.framework in Frameworks */ = {isa = PBXBuildFile; fileRef = 3F4863E51972CC0A0072668B /* Foundation.framework */; };
		3F4864061972CC0A0072668B /* UIKit.framework in Frameworks */ = {isa = PBXBuildFile; fileRef = 3F4863E91972CC0A0072668B /* UIKit.framework */; };
		3F4864071972CC0A0072668B /* CoreData.framework in Frameworks */ = {isa = PBXBuildFile; fileRef = 3F4863EB1972CC0A0072668B /* CoreData.framework */; };
		3F48640F1972CC0A0072668B /* InfoPlist.strings in Resources */ = {isa = PBXBuildFile; fileRef = 3F48640D1972CC0A0072668B /* InfoPlist.strings */; };
		3F48641C1972CC340072668B /* Posters_iPhone.storyboard in Resources */ = {isa = PBXBuildFile; fileRef = 3F48641B1972CC340072668B /* Posters_iPhone.storyboard */; };
		3F48642D1972E4580072668B /* CYPPosterCell.m in Sources */ = {isa = PBXBuildFile; fileRef = 3F48642C1972E4580072668B /* CYPPosterCell.m */; };
		3F48642F1972FFAD0072668B /* CYPPosterCellTests.m in Sources */ = {isa = PBXBuildFile; fileRef = 3F48642E1972FFAD0072668B /* CYPPosterCellTests.m */; };
		3F486436197314AB0072668B /* CYPPosterCollectionDatasource.m in Sources */ = {isa = PBXBuildFile; fileRef = 3F486435197314AB0072668B /* CYPPosterCollectionDatasource.m */; };
		3F486439197315630072668B /* CYPMainScreenViewController.m in Sources */ = {isa = PBXBuildFile; fileRef = 3F486438197315630072668B /* CYPMainScreenViewController.m */; };
		3F4864431973C8230072668B /* CYPModel.xcdatamodeld in Sources */ = {isa = PBXBuildFile; fileRef = 3F4864411973C8230072668B /* CYPModel.xcdatamodeld */; };
		3F4864461973C88A0072668B /* CYPEventTests.m in Sources */ = {isa = PBXBuildFile; fileRef = 3F4864451973C88A0072668B /* CYPEventTests.m */; };
		3F4864471973C95A0072668B /* CYPModel.xcdatamodeld in Sources */ = {isa = PBXBuildFile; fileRef = 3F4864411973C8230072668B /* CYPModel.xcdatamodeld */; };
		3F4864531973D0E20072668B /* CYPDates.m in Sources */ = {isa = PBXBuildFile; fileRef = 3F4864521973D0E20072668B /* CYPDates.m */; };
		3F4864671973DF640072668B /* CYPVenueTests.m in Sources */ = {isa = PBXBuildFile; fileRef = 3F4864661973DF640072668B /* CYPVenueTests.m */; };
		3F48647C1973E65D0072668B /* CYPGenre.m in Sources */ = {isa = PBXBuildFile; fileRef = 3F48647B1973E65D0072668B /* CYPGenre.m */; };
		3F4864881973F4DC0072668B /* CYPModelDocument.m in Sources */ = {isa = PBXBuildFile; fileRef = 3F4864871973F4DC0072668B /* CYPModelDocument.m */; };
		3F48648A1973F4F30072668B /* CYPModelDocumentTests.m in Sources */ = {isa = PBXBuildFile; fileRef = 3F4864891973F4F30072668B /* CYPModelDocumentTests.m */; };
		3F486490197409BA0072668B /* CYPEvent+Model.m in Sources */ = {isa = PBXBuildFile; fileRef = 3F48648F197409BA0072668B /* CYPEvent+Model.m */; };
		3F48649219740CDA0072668B /* CYPArtistTests.m in Sources */ = {isa = PBXBuildFile; fileRef = 3F48649119740CDA0072668B /* CYPArtistTests.m */; };
		3F48649519740D620072668B /* CYPArtist.m in Sources */ = {isa = PBXBuildFile; fileRef = 3F48649419740D620072668B /* CYPArtist.m */; };
		3F48649819740D7E0072668B /* CYPArtist+Model.m in Sources */ = {isa = PBXBuildFile; fileRef = 3F48649719740D7E0072668B /* CYPArtist+Model.m */; };
		3F48649E19740E140072668B /* CYPCity.m in Sources */ = {isa = PBXBuildFile; fileRef = 3F48649D19740E140072668B /* CYPCity.m */; };
		3F4864AA197422F40072668B /* CYPVenue+Model.m in Sources */ = {isa = PBXBuildFile; fileRef = 3F4864A9197422F40072668B /* CYPVenue+Model.m */; };
		3F4864AD1974276E0072668B /* CYPVenue.m in Sources */ = {isa = PBXBuildFile; fileRef = 3F4864AC1974276E0072668B /* CYPVenue.m */; };
		3F4864B01974280D0072668B /* CYPCity+Model.m in Sources */ = {isa = PBXBuildFile; fileRef = 3F4864AF1974280D0072668B /* CYPCity+Model.m */; };
		3F4897981974630B00A507E1 /* CYPGenre+Model.m in Sources */ = {isa = PBXBuildFile; fileRef = 3F4897971974630B00A507E1 /* CYPGenre+Model.m */; };
		3F48979B1974659A00A507E1 /* CYPDates+Model.m in Sources */ = {isa = PBXBuildFile; fileRef = 3F48979A1974659A00A507E1 /* CYPDates+Model.m */; };
		3F48979E19746A9F00A507E1 /* CYPEvent.m in Sources */ = {isa = PBXBuildFile; fileRef = 3F48979D19746A9F00A507E1 /* CYPEvent.m */; };
		3F87A38F1975BE6F009D83ED /* CYPDetailViewController.m in Sources */ = {isa = PBXBuildFile; fileRef = 3F87A38E1975BE6F009D83ED /* CYPDetailViewController.m */; };
		3F87A3931975D845009D83ED /* CYPViewAnimationHelper.m in Sources */ = {isa = PBXBuildFile; fileRef = 3F87A3921975D845009D83ED /* CYPViewAnimationHelper.m */; };
		3F87A3A31976C8E7009D83ED /* CYPFetchedResultsDelegate.m in Sources */ = {isa = PBXBuildFile; fileRef = 3F87A3A21976C8E7009D83ED /* CYPFetchedResultsDelegate.m */; };
		3FE37C0D197810FE00119A67 /* CYPCoordinatorViewController.m in Sources */ = {isa = PBXBuildFile; fileRef = 3FE37C0C197810FE00119A67 /* CYPCoordinatorViewController.m */; };
		3FE37C10197827DB00119A67 /* CYPAsideTableViewController.m in Sources */ = {isa = PBXBuildFile; fileRef = 3FE37C0F197827DB00119A67 /* CYPAsideTableViewController.m */; };
		3FE37C1319785AF600119A67 /* CYPImageTiler.m in Sources */ = {isa = PBXBuildFile; fileRef = 3FE37C1219785AF600119A67 /* CYPImageTiler.m */; };
		3FE37C17197870F500119A67 /* CYPUserDefaultsManager.m in Sources */ = {isa = PBXBuildFile; fileRef = 3FE37C16197870F500119A67 /* CYPUserDefaultsManager.m */; };
		3FE37C1A1979132400119A67 /* CYPSettingsViewController.m in Sources */ = {isa = PBXBuildFile; fileRef = 3FE37C191979132400119A67 /* CYPSettingsViewController.m */; };
		3FE37C1F19792F7D00119A67 /* CYPGenreFilterTableViewController.m in Sources */ = {isa = PBXBuildFile; fileRef = 3FE37C1E19792F7D00119A67 /* CYPGenreFilterTableViewController.m */; };
		3FE37C2219792F9900119A67 /* CYPGenresFilterTableViewCell.m in Sources */ = {isa = PBXBuildFile; fileRef = 3FE37C2119792F9900119A67 /* CYPGenresFilterTableViewCell.m */; };
		4A4A2AA3ECF849B4831134C6 /* libPods-CitypPostersTests.a in Frameworks */ = {isa = PBXBuildFile; fileRef = 8C1A7BB2AEB740739DB7797B /* libPods-CitypPostersTests.a */; };
/* End PBXBuildFile section */

/* Begin PBXContainerItemProxy section */
		3F4864081972CC0A0072668B /* PBXContainerItemProxy */ = {
			isa = PBXContainerItemProxy;
			containerPortal = 3F4863DA1972CC0A0072668B /* Project object */;
			proxyType = 1;
			remoteGlobalIDString = 3F4863E11972CC0A0072668B;
			remoteInfo = CitypPosters;
		};
/* End PBXContainerItemProxy section */

/* Begin PBXFileReference section */
		3F0D3CA41976FEAB002B3B77 /* CYPFetchResultControllerManager.h */ = {isa = PBXFileReference; fileEncoding = 4; lastKnownFileType = sourcecode.c.h; path = CYPFetchResultControllerManager.h; sourceTree = "<group>"; };
		3F0D3CA51976FEAB002B3B77 /* CYPFetchResultControllerManager.m */ = {isa = PBXFileReference; fileEncoding = 4; lastKnownFileType = sourcecode.c.objc; path = CYPFetchResultControllerManager.m; sourceTree = "<group>"; };
		3F0D3CA71977056C002B3B77 /* CYPNetworkManager.h */ = {isa = PBXFileReference; fileEncoding = 4; lastKnownFileType = sourcecode.c.h; path = CYPNetworkManager.h; sourceTree = "<group>"; };
		3F0D3CA81977056C002B3B77 /* CYPNetworkManager.m */ = {isa = PBXFileReference; fileEncoding = 4; lastKnownFileType = sourcecode.c.objc; path = CYPNetworkManager.m; sourceTree = "<group>"; };
		3F0D3CAA197709E5002B3B77 /* CYPImagePersistence.h */ = {isa = PBXFileReference; fileEncoding = 4; lastKnownFileType = sourcecode.c.h; path = CYPImagePersistence.h; sourceTree = "<group>"; };
		3F0D3CAB197709E5002B3B77 /* CYPImagePersistence.m */ = {isa = PBXFileReference; fileEncoding = 4; lastKnownFileType = sourcecode.c.objc; path = CYPImagePersistence.m; sourceTree = "<group>"; };
		3F0D3CAD19770D76002B3B77 /* CYPEventManager.h */ = {isa = PBXFileReference; fileEncoding = 4; lastKnownFileType = sourcecode.c.h; path = CYPEventManager.h; sourceTree = "<group>"; };
		3F0D3CAE19770D76002B3B77 /* CYPEventManager.m */ = {isa = PBXFileReference; fileEncoding = 4; lastKnownFileType = sourcecode.c.objc; path = CYPEventManager.m; sourceTree = "<group>"; };
		3F1801CC197ACC6000A66AC5 /* CYPGenresFilterDatasource.h */ = {isa = PBXFileReference; fileEncoding = 4; lastKnownFileType = sourcecode.c.h; path = CYPGenresFilterDatasource.h; sourceTree = "<group>"; };
		3F1801CD197ACC6000A66AC5 /* CYPGenresFilterDatasource.m */ = {isa = PBXFileReference; fileEncoding = 4; lastKnownFileType = sourcecode.c.objc; path = CYPGenresFilterDatasource.m; sourceTree = "<group>"; };
		3F1A3322197D03B0001FC160 /* EventKit.framework */ = {isa = PBXFileReference; lastKnownFileType = wrapper.framework; name = EventKit.framework; path = System/Library/Frameworks/EventKit.framework; sourceTree = SDKROOT; };
		3F1A3324197D0467001FC160 /* CYPCalendarHelper.h */ = {isa = PBXFileReference; fileEncoding = 4; lastKnownFileType = sourcecode.c.h; path = CYPCalendarHelper.h; sourceTree = "<group>"; };
		3F1A3325197D0467001FC160 /* CYPCalendarHelper.m */ = {isa = PBXFileReference; fileEncoding = 4; lastKnownFileType = sourcecode.c.objc; path = CYPCalendarHelper.m; sourceTree = "<group>"; };
		3F1A3327197D0AF3001FC160 /* CYPAlertViewHelper.h */ = {isa = PBXFileReference; fileEncoding = 4; lastKnownFileType = sourcecode.c.h; path = CYPAlertViewHelper.h; sourceTree = "<group>"; };
		3F1A3328197D0AF3001FC160 /* CYPAlertViewHelper.m */ = {isa = PBXFileReference; fileEncoding = 4; lastKnownFileType = sourcecode.c.objc; path = CYPAlertViewHelper.m; sourceTree = "<group>"; };
		3F1A332A197D241F001FC160 /* CYPEventActionsManager.h */ = {isa = PBXFileReference; fileEncoding = 4; lastKnownFileType = sourcecode.c.h; path = CYPEventActionsManager.h; sourceTree = "<group>"; };
		3F1A332B197D241F001FC160 /* CYPEventActionsManager.m */ = {isa = PBXFileReference; fileEncoding = 4; lastKnownFileType = sourcecode.c.objc; path = CYPEventActionsManager.m; sourceTree = "<group>"; };
		3F4863E21972CC0A0072668B /* CitypPosters.app */ = {isa = PBXFileReference; explicitFileType = wrapper.application; includeInIndex = 0; path = CitypPosters.app; sourceTree = BUILT_PRODUCTS_DIR; };
		3F4863E51972CC0A0072668B /* Foundation.framework */ = {isa = PBXFileReference; lastKnownFileType = wrapper.framework; name = Foundation.framework; path = System/Library/Frameworks/Foundation.framework; sourceTree = SDKROOT; };
		3F4863E71972CC0A0072668B /* CoreGraphics.framework */ = {isa = PBXFileReference; lastKnownFileType = wrapper.framework; name = CoreGraphics.framework; path = System/Library/Frameworks/CoreGraphics.framework; sourceTree = SDKROOT; };
		3F4863E91972CC0A0072668B /* UIKit.framework */ = {isa = PBXFileReference; lastKnownFileType = wrapper.framework; name = UIKit.framework; path = System/Library/Frameworks/UIKit.framework; sourceTree = SDKROOT; };
		3F4863EB1972CC0A0072668B /* CoreData.framework */ = {isa = PBXFileReference; lastKnownFileType = wrapper.framework; name = CoreData.framework; path = System/Library/Frameworks/CoreData.framework; sourceTree = SDKROOT; };
		3F4863EF1972CC0A0072668B /* CitypPosters-Info.plist */ = {isa = PBXFileReference; lastKnownFileType = text.plist.xml; path = "CitypPosters-Info.plist"; sourceTree = "<group>"; };
		3F4863F11972CC0A0072668B /* en */ = {isa = PBXFileReference; lastKnownFileType = text.plist.strings; name = en; path = en.lproj/InfoPlist.strings; sourceTree = "<group>"; };
		3F4863F31972CC0A0072668B /* main.m */ = {isa = PBXFileReference; lastKnownFileType = sourcecode.c.objc; path = main.m; sourceTree = "<group>"; };
		3F4863F51972CC0A0072668B /* CitypPosters-Prefix.pch */ = {isa = PBXFileReference; lastKnownFileType = sourcecode.c.h; path = "CitypPosters-Prefix.pch"; sourceTree = "<group>"; };
		3F4863F61972CC0A0072668B /* CYPAppDelegate.h */ = {isa = PBXFileReference; lastKnownFileType = sourcecode.c.h; path = CYPAppDelegate.h; sourceTree = "<group>"; };
		3F4863F71972CC0A0072668B /* CYPAppDelegate.m */ = {isa = PBXFileReference; lastKnownFileType = sourcecode.c.objc; path = CYPAppDelegate.m; sourceTree = "<group>"; };
		3F4863FC1972CC0A0072668B /* Images.xcassets */ = {isa = PBXFileReference; lastKnownFileType = folder.assetcatalog; path = Images.xcassets; sourceTree = "<group>"; };
		3F4864021972CC0A0072668B /* CitypPostersTests.xctest */ = {isa = PBXFileReference; explicitFileType = wrapper.cfbundle; includeInIndex = 0; path = CitypPostersTests.xctest; sourceTree = BUILT_PRODUCTS_DIR; };
		3F4864031972CC0A0072668B /* XCTest.framework */ = {isa = PBXFileReference; lastKnownFileType = wrapper.framework; name = XCTest.framework; path = Library/Frameworks/XCTest.framework; sourceTree = DEVELOPER_DIR; };
		3F48640C1972CC0A0072668B /* CitypPostersTests-Info.plist */ = {isa = PBXFileReference; lastKnownFileType = text.plist.xml; path = "CitypPostersTests-Info.plist"; sourceTree = "<group>"; };
		3F48640E1972CC0A0072668B /* en */ = {isa = PBXFileReference; lastKnownFileType = text.plist.strings; name = en; path = en.lproj/InfoPlist.strings; sourceTree = "<group>"; };
		3F48641B1972CC340072668B /* Posters_iPhone.storyboard */ = {isa = PBXFileReference; fileEncoding = 4; lastKnownFileType = file.storyboard; path = Posters_iPhone.storyboard; sourceTree = "<group>"; };
		3F48642B1972E4580072668B /* CYPPosterCell.h */ = {isa = PBXFileReference; fileEncoding = 4; lastKnownFileType = sourcecode.c.h; path = CYPPosterCell.h; sourceTree = "<group>"; };
		3F48642C1972E4580072668B /* CYPPosterCell.m */ = {isa = PBXFileReference; fileEncoding = 4; lastKnownFileType = sourcecode.c.objc; path = CYPPosterCell.m; sourceTree = "<group>"; };
		3F48642E1972FFAD0072668B /* CYPPosterCellTests.m */ = {isa = PBXFileReference; fileEncoding = 4; lastKnownFileType = sourcecode.c.objc; path = CYPPosterCellTests.m; sourceTree = "<group>"; };
		3F486434197314AB0072668B /* CYPPosterCollectionDatasource.h */ = {isa = PBXFileReference; fileEncoding = 4; lastKnownFileType = sourcecode.c.h; path = CYPPosterCollectionDatasource.h; sourceTree = "<group>"; };
		3F486435197314AB0072668B /* CYPPosterCollectionDatasource.m */ = {isa = PBXFileReference; fileEncoding = 4; lastKnownFileType = sourcecode.c.objc; path = CYPPosterCollectionDatasource.m; sourceTree = "<group>"; };
		3F486437197315630072668B /* CYPMainScreenViewController.h */ = {isa = PBXFileReference; fileEncoding = 4; lastKnownFileType = sourcecode.c.h; path = CYPMainScreenViewController.h; sourceTree = "<group>"; };
		3F486438197315630072668B /* CYPMainScreenViewController.m */ = {isa = PBXFileReference; fileEncoding = 4; lastKnownFileType = sourcecode.c.objc; path = CYPMainScreenViewController.m; sourceTree = "<group>"; };
		3F4864421973C8230072668B /* CYPModel.xcdatamodel */ = {isa = PBXFileReference; lastKnownFileType = wrapper.xcdatamodel; path = CYPModel.xcdatamodel; sourceTree = "<group>"; };
		3F4864451973C88A0072668B /* CYPEventTests.m */ = {isa = PBXFileReference; fileEncoding = 4; lastKnownFileType = sourcecode.c.objc; path = CYPEventTests.m; sourceTree = "<group>"; };
		3F4864511973D0E20072668B /* CYPDates.h */ = {isa = PBXFileReference; fileEncoding = 4; lastKnownFileType = sourcecode.c.h; path = CYPDates.h; sourceTree = "<group>"; };
		3F4864521973D0E20072668B /* CYPDates.m */ = {isa = PBXFileReference; fileEncoding = 4; lastKnownFileType = sourcecode.c.objc; path = CYPDates.m; sourceTree = "<group>"; };
		3F4864661973DF640072668B /* CYPVenueTests.m */ = {isa = PBXFileReference; fileEncoding = 4; lastKnownFileType = sourcecode.c.objc; path = CYPVenueTests.m; sourceTree = "<group>"; };
		3F48647A1973E65D0072668B /* CYPGenre.h */ = {isa = PBXFileReference; fileEncoding = 4; lastKnownFileType = sourcecode.c.h; path = CYPGenre.h; sourceTree = "<group>"; };
		3F48647B1973E65D0072668B /* CYPGenre.m */ = {isa = PBXFileReference; fileEncoding = 4; lastKnownFileType = sourcecode.c.objc; path = CYPGenre.m; sourceTree = "<group>"; };
		3F4864861973F4DC0072668B /* CYPModelDocument.h */ = {isa = PBXFileReference; fileEncoding = 4; lastKnownFileType = sourcecode.c.h; path = CYPModelDocument.h; sourceTree = "<group>"; };
		3F4864871973F4DC0072668B /* CYPModelDocument.m */ = {isa = PBXFileReference; fileEncoding = 4; lastKnownFileType = sourcecode.c.objc; path = CYPModelDocument.m; sourceTree = "<group>"; };
		3F4864891973F4F30072668B /* CYPModelDocumentTests.m */ = {isa = PBXFileReference; fileEncoding = 4; lastKnownFileType = sourcecode.c.objc; path = CYPModelDocumentTests.m; sourceTree = "<group>"; };
		3F48648E197409BA0072668B /* CYPEvent+Model.h */ = {isa = PBXFileReference; fileEncoding = 4; lastKnownFileType = sourcecode.c.h; path = "CYPEvent+Model.h"; sourceTree = "<group>"; };
		3F48648F197409BA0072668B /* CYPEvent+Model.m */ = {isa = PBXFileReference; fileEncoding = 4; lastKnownFileType = sourcecode.c.objc; path = "CYPEvent+Model.m"; sourceTree = "<group>"; };
		3F48649119740CDA0072668B /* CYPArtistTests.m */ = {isa = PBXFileReference; fileEncoding = 4; lastKnownFileType = sourcecode.c.objc; path = CYPArtistTests.m; sourceTree = "<group>"; };
		3F48649319740D620072668B /* CYPArtist.h */ = {isa = PBXFileReference; fileEncoding = 4; lastKnownFileType = sourcecode.c.h; path = CYPArtist.h; sourceTree = "<group>"; };
		3F48649419740D620072668B /* CYPArtist.m */ = {isa = PBXFileReference; fileEncoding = 4; lastKnownFileType = sourcecode.c.objc; path = CYPArtist.m; sourceTree = "<group>"; };
		3F48649619740D7E0072668B /* CYPArtist+Model.h */ = {isa = PBXFileReference; fileEncoding = 4; lastKnownFileType = sourcecode.c.h; path = "CYPArtist+Model.h"; sourceTree = "<group>"; };
		3F48649719740D7E0072668B /* CYPArtist+Model.m */ = {isa = PBXFileReference; fileEncoding = 4; lastKnownFileType = sourcecode.c.objc; path = "CYPArtist+Model.m"; sourceTree = "<group>"; };
		3F48649C19740E140072668B /* CYPCity.h */ = {isa = PBXFileReference; fileEncoding = 4; lastKnownFileType = sourcecode.c.h; path = CYPCity.h; sourceTree = "<group>"; };
		3F48649D19740E140072668B /* CYPCity.m */ = {isa = PBXFileReference; fileEncoding = 4; lastKnownFileType = sourcecode.c.objc; path = CYPCity.m; sourceTree = "<group>"; };
		3F4864A8197422F40072668B /* CYPVenue+Model.h */ = {isa = PBXFileReference; fileEncoding = 4; lastKnownFileType = sourcecode.c.h; path = "CYPVenue+Model.h"; sourceTree = "<group>"; };
		3F4864A9197422F40072668B /* CYPVenue+Model.m */ = {isa = PBXFileReference; fileEncoding = 4; lastKnownFileType = sourcecode.c.objc; path = "CYPVenue+Model.m"; sourceTree = "<group>"; };
		3F4864AB1974276E0072668B /* CYPVenue.h */ = {isa = PBXFileReference; fileEncoding = 4; lastKnownFileType = sourcecode.c.h; path = CYPVenue.h; sourceTree = "<group>"; };
		3F4864AC1974276E0072668B /* CYPVenue.m */ = {isa = PBXFileReference; fileEncoding = 4; lastKnownFileType = sourcecode.c.objc; path = CYPVenue.m; sourceTree = "<group>"; };
		3F4864AE1974280D0072668B /* CYPCity+Model.h */ = {isa = PBXFileReference; fileEncoding = 4; lastKnownFileType = sourcecode.c.h; path = "CYPCity+Model.h"; sourceTree = "<group>"; };
		3F4864AF1974280D0072668B /* CYPCity+Model.m */ = {isa = PBXFileReference; fileEncoding = 4; lastKnownFileType = sourcecode.c.objc; path = "CYPCity+Model.m"; sourceTree = "<group>"; };
		3F4897961974630B00A507E1 /* CYPGenre+Model.h */ = {isa = PBXFileReference; fileEncoding = 4; lastKnownFileType = sourcecode.c.h; path = "CYPGenre+Model.h"; sourceTree = "<group>"; };
		3F4897971974630B00A507E1 /* CYPGenre+Model.m */ = {isa = PBXFileReference; fileEncoding = 4; lastKnownFileType = sourcecode.c.objc; path = "CYPGenre+Model.m"; sourceTree = "<group>"; };
		3F4897991974659A00A507E1 /* CYPDates+Model.h */ = {isa = PBXFileReference; fileEncoding = 4; lastKnownFileType = sourcecode.c.h; path = "CYPDates+Model.h"; sourceTree = "<group>"; };
		3F48979A1974659A00A507E1 /* CYPDates+Model.m */ = {isa = PBXFileReference; fileEncoding = 4; lastKnownFileType = sourcecode.c.objc; path = "CYPDates+Model.m"; sourceTree = "<group>"; };
		3F48979C19746A9F00A507E1 /* CYPEvent.h */ = {isa = PBXFileReference; fileEncoding = 4; lastKnownFileType = sourcecode.c.h; path = CYPEvent.h; sourceTree = "<group>"; };
		3F48979D19746A9F00A507E1 /* CYPEvent.m */ = {isa = PBXFileReference; fileEncoding = 4; lastKnownFileType = sourcecode.c.objc; path = CYPEvent.m; sourceTree = "<group>"; };
		3F87A38D1975BE6F009D83ED /* CYPDetailViewController.h */ = {isa = PBXFileReference; fileEncoding = 4; lastKnownFileType = sourcecode.c.h; path = CYPDetailViewController.h; sourceTree = "<group>"; };
		3F87A38E1975BE6F009D83ED /* CYPDetailViewController.m */ = {isa = PBXFileReference; fileEncoding = 4; lastKnownFileType = sourcecode.c.objc; path = CYPDetailViewController.m; sourceTree = "<group>"; };
		3F87A3911975D845009D83ED /* CYPViewAnimationHelper.h */ = {isa = PBXFileReference; fileEncoding = 4; lastKnownFileType = sourcecode.c.h; path = CYPViewAnimationHelper.h; sourceTree = "<group>"; };
		3F87A3921975D845009D83ED /* CYPViewAnimationHelper.m */ = {isa = PBXFileReference; fileEncoding = 4; lastKnownFileType = sourcecode.c.objc; path = CYPViewAnimationHelper.m; sourceTree = "<group>"; };
		3F87A3A11976C8E7009D83ED /* CYPFetchedResultsDelegate.h */ = {isa = PBXFileReference; fileEncoding = 4; lastKnownFileType = sourcecode.c.h; path = CYPFetchedResultsDelegate.h; sourceTree = "<group>"; };
		3F87A3A21976C8E7009D83ED /* CYPFetchedResultsDelegate.m */ = {isa = PBXFileReference; fileEncoding = 4; lastKnownFileType = sourcecode.c.objc; path = CYPFetchedResultsDelegate.m; sourceTree = "<group>"; };
		3FE37C0B197810FE00119A67 /* CYPCoordinatorViewController.h */ = {isa = PBXFileReference; fileEncoding = 4; lastKnownFileType = sourcecode.c.h; path = CYPCoordinatorViewController.h; sourceTree = "<group>"; };
		3FE37C0C197810FE00119A67 /* CYPCoordinatorViewController.m */ = {isa = PBXFileReference; fileEncoding = 4; lastKnownFileType = sourcecode.c.objc; path = CYPCoordinatorViewController.m; sourceTree = "<group>"; };
		3FE37C0E197827DB00119A67 /* CYPAsideTableViewController.h */ = {isa = PBXFileReference; fileEncoding = 4; lastKnownFileType = sourcecode.c.h; path = CYPAsideTableViewController.h; sourceTree = "<group>"; };
		3FE37C0F197827DB00119A67 /* CYPAsideTableViewController.m */ = {isa = PBXFileReference; fileEncoding = 4; lastKnownFileType = sourcecode.c.objc; path = CYPAsideTableViewController.m; sourceTree = "<group>"; };
		3FE37C1119785AF600119A67 /* CYPImageTiler.h */ = {isa = PBXFileReference; fileEncoding = 4; lastKnownFileType = sourcecode.c.h; path = CYPImageTiler.h; sourceTree = "<group>"; };
		3FE37C1219785AF600119A67 /* CYPImageTiler.m */ = {isa = PBXFileReference; fileEncoding = 4; lastKnownFileType = sourcecode.c.objc; path = CYPImageTiler.m; sourceTree = "<group>"; };
		3FE37C15197870F500119A67 /* CYPUserDefaultsManager.h */ = {isa = PBXFileReference; fileEncoding = 4; lastKnownFileType = sourcecode.c.h; path = CYPUserDefaultsManager.h; sourceTree = "<group>"; };
		3FE37C16197870F500119A67 /* CYPUserDefaultsManager.m */ = {isa = PBXFileReference; fileEncoding = 4; lastKnownFileType = sourcecode.c.objc; path = CYPUserDefaultsManager.m; sourceTree = "<group>"; };
		3FE37C181979132400119A67 /* CYPSettingsViewController.h */ = {isa = PBXFileReference; fileEncoding = 4; lastKnownFileType = sourcecode.c.h; path = CYPSettingsViewController.h; sourceTree = "<group>"; };
		3FE37C191979132400119A67 /* CYPSettingsViewController.m */ = {isa = PBXFileReference; fileEncoding = 4; lastKnownFileType = sourcecode.c.objc; path = CYPSettingsViewController.m; sourceTree = "<group>"; };
		3FE37C1D19792F7D00119A67 /* CYPGenreFilterTableViewController.h */ = {isa = PBXFileReference; fileEncoding = 4; lastKnownFileType = sourcecode.c.h; path = CYPGenreFilterTableViewController.h; sourceTree = "<group>"; };
		3FE37C1E19792F7D00119A67 /* CYPGenreFilterTableViewController.m */ = {isa = PBXFileReference; fileEncoding = 4; lastKnownFileType = sourcecode.c.objc; path = CYPGenreFilterTableViewController.m; sourceTree = "<group>"; };
		3FE37C2019792F9900119A67 /* CYPGenresFilterTableViewCell.h */ = {isa = PBXFileReference; fileEncoding = 4; lastKnownFileType = sourcecode.c.h; path = CYPGenresFilterTableViewCell.h; sourceTree = "<group>"; };
		3FE37C2119792F9900119A67 /* CYPGenresFilterTableViewCell.m */ = {isa = PBXFileReference; fileEncoding = 4; lastKnownFileType = sourcecode.c.objc; path = CYPGenresFilterTableViewCell.m; sourceTree = "<group>"; };
		4588BBA9BD0740D58B6B75BD /* Pods-CitypPostersTests.xcconfig */ = {isa = PBXFileReference; includeInIndex = 1; lastKnownFileType = text.xcconfig; name = "Pods-CitypPostersTests.xcconfig"; path = "Pods/Pods-CitypPostersTests.xcconfig"; sourceTree = "<group>"; };
		8C1A7BB2AEB740739DB7797B /* libPods-CitypPostersTests.a */ = {isa = PBXFileReference; explicitFileType = archive.ar; includeInIndex = 0; path = "libPods-CitypPostersTests.a"; sourceTree = BUILT_PRODUCTS_DIR; };
/* End PBXFileReference section */

/* Begin PBXFrameworksBuildPhase section */
		3F4863DF1972CC0A0072668B /* Frameworks */ = {
			isa = PBXFrameworksBuildPhase;
			buildActionMask = 2147483647;
			files = (
				3F1A3323197D03B0001FC160 /* EventKit.framework in Frameworks */,
				3F4863E81972CC0A0072668B /* CoreGraphics.framework in Frameworks */,
				3F4863EC1972CC0A0072668B /* CoreData.framework in Frameworks */,
				3F4863EA1972CC0A0072668B /* UIKit.framework in Frameworks */,
				3F4863E61972CC0A0072668B /* Foundation.framework in Frameworks */,
			);
			runOnlyForDeploymentPostprocessing = 0;
		};
		3F4863FF1972CC0A0072668B /* Frameworks */ = {
			isa = PBXFrameworksBuildPhase;
			buildActionMask = 2147483647;
			files = (
				3F4864041972CC0A0072668B /* XCTest.framework in Frameworks */,
				3F4864071972CC0A0072668B /* CoreData.framework in Frameworks */,
				3F4864061972CC0A0072668B /* UIKit.framework in Frameworks */,
				3F4864051972CC0A0072668B /* Foundation.framework in Frameworks */,
				4A4A2AA3ECF849B4831134C6 /* libPods-CitypPostersTests.a in Frameworks */,
			);
			runOnlyForDeploymentPostprocessing = 0;
		};
/* End PBXFrameworksBuildPhase section */

/* Begin PBXGroup section */
		3F4863D91972CC0A0072668B = {
			isa = PBXGroup;
			children = (
				3F4863ED1972CC0A0072668B /* CitypPosters */,
				3F48640A1972CC0A0072668B /* CitypPostersTests */,
				3F4863E41972CC0A0072668B /* Frameworks */,
				3F4863E31972CC0A0072668B /* Products */,
				4588BBA9BD0740D58B6B75BD /* Pods-CitypPostersTests.xcconfig */,
			);
			sourceTree = "<group>";
		};
		3F4863E31972CC0A0072668B /* Products */ = {
			isa = PBXGroup;
			children = (
				3F4863E21972CC0A0072668B /* CitypPosters.app */,
				3F4864021972CC0A0072668B /* CitypPostersTests.xctest */,
			);
			name = Products;
			sourceTree = "<group>";
		};
		3F4863E41972CC0A0072668B /* Frameworks */ = {
			isa = PBXGroup;
			children = (
				3F1A3322197D03B0001FC160 /* EventKit.framework */,
				3F4863E51972CC0A0072668B /* Foundation.framework */,
				3F4863E71972CC0A0072668B /* CoreGraphics.framework */,
				3F4863E91972CC0A0072668B /* UIKit.framework */,
				3F4863EB1972CC0A0072668B /* CoreData.framework */,
				3F4864031972CC0A0072668B /* XCTest.framework */,
				8C1A7BB2AEB740739DB7797B /* libPods-CitypPostersTests.a */,
			);
			name = Frameworks;
			sourceTree = "<group>";
		};
		3F4863ED1972CC0A0072668B /* CitypPosters */ = {
			isa = PBXGroup;
			children = (
				3F48643F1973BF7F0072668B /* Main */,
				3F48643E1973BF730072668B /* Delivery */,
				3F4863F61972CC0A0072668B /* CYPAppDelegate.h */,
				3F4863F71972CC0A0072668B /* CYPAppDelegate.m */,
				3F4863FC1972CC0A0072668B /* Images.xcassets */,
				3F4863EE1972CC0A0072668B /* Supporting Files */,
			);
			path = CitypPosters;
			sourceTree = "<group>";
		};
		3F4863EE1972CC0A0072668B /* Supporting Files */ = {
			isa = PBXGroup;
			children = (
				3F4863EF1972CC0A0072668B /* CitypPosters-Info.plist */,
				3F4863F01972CC0A0072668B /* InfoPlist.strings */,
				3F4863F31972CC0A0072668B /* main.m */,
				3F4863F51972CC0A0072668B /* CitypPosters-Prefix.pch */,
			);
			path = "Supporting Files";
			sourceTree = "<group>";
		};
		3F48640A1972CC0A0072668B /* CitypPostersTests */ = {
			isa = PBXGroup;
			children = (
				3F4864441973C84A0072668B /* Main */,
				3F48640B1972CC0A0072668B /* Supporting Files */,
				3F48642E1972FFAD0072668B /* CYPPosterCellTests.m */,
			);
			path = CitypPostersTests;
			sourceTree = "<group>";
		};
		3F48640B1972CC0A0072668B /* Supporting Files */ = {
			isa = PBXGroup;
			children = (
				3F48640C1972CC0A0072668B /* CitypPostersTests-Info.plist */,
				3F48640D1972CC0A0072668B /* InfoPlist.strings */,
			);
			path = "Supporting Files";
			sourceTree = "<group>";
		};
		3F48641A1972CC110072668B /* Views */ = {
			isa = PBXGroup;
			children = (
				3F48642A1972E4410072668B /* Cells */,
				3F48641B1972CC340072668B /* Posters_iPhone.storyboard */,
			);
			path = Views;
			sourceTree = "<group>";
		};
		3F48641D1972CD350072668B /* Controllers */ = {
			isa = PBXGroup;
			children = (
				3FE37C14197870D400119A67 /* Managers */,
				3F87A3A01976C8B6009D83ED /* Delegates */,
				3F87A3901975D801009D83ED /* Helpers */,
				3F486430197314620072668B /* Datasources */,
				3F4864211972CF450072668B /* Layouts */,
				3F486437197315630072668B /* CYPMainScreenViewController.h */,
				3F486438197315630072668B /* CYPMainScreenViewController.m */,
				3F87A38D1975BE6F009D83ED /* CYPDetailViewController.h */,
				3F87A38E1975BE6F009D83ED /* CYPDetailViewController.m */,
				3FE37C0B197810FE00119A67 /* CYPCoordinatorViewController.h */,
				3FE37C0C197810FE00119A67 /* CYPCoordinatorViewController.m */,
				3FE37C0E197827DB00119A67 /* CYPAsideTableViewController.h */,
				3FE37C0F197827DB00119A67 /* CYPAsideTableViewController.m */,
				3FE37C181979132400119A67 /* CYPSettingsViewController.h */,
				3FE37C191979132400119A67 /* CYPSettingsViewController.m */,
				3FE37C1D19792F7D00119A67 /* CYPGenreFilterTableViewController.h */,
				3FE37C1E19792F7D00119A67 /* CYPGenreFilterTableViewController.m */,
			);
			path = Controllers;
			sourceTree = "<group>";
		};
		3F4864211972CF450072668B /* Layouts */ = {
			isa = PBXGroup;
			children = (
			);
			path = Layouts;
			sourceTree = "<group>";
		};
		3F48642A1972E4410072668B /* Cells */ = {
			isa = PBXGroup;
			children = (
				3F48642B1972E4580072668B /* CYPPosterCell.h */,
				3F48642C1972E4580072668B /* CYPPosterCell.m */,
				3FE37C2019792F9900119A67 /* CYPGenresFilterTableViewCell.h */,
				3FE37C2119792F9900119A67 /* CYPGenresFilterTableViewCell.m */,
			);
			path = Cells;
			sourceTree = "<group>";
		};
		3F486430197314620072668B /* Datasources */ = {
			isa = PBXGroup;
			children = (
				3F486434197314AB0072668B /* CYPPosterCollectionDatasource.h */,
				3F486435197314AB0072668B /* CYPPosterCollectionDatasource.m */,
				3F1801CC197ACC6000A66AC5 /* CYPGenresFilterDatasource.h */,
				3F1801CD197ACC6000A66AC5 /* CYPGenresFilterDatasource.m */,
			);
			path = Datasources;
			sourceTree = "<group>";
		};
		3F48643E1973BF730072668B /* Delivery */ = {
			isa = PBXGroup;
			children = (
				3F48641D1972CD350072668B /* Controllers */,
				3F48641A1972CC110072668B /* Views */,
			);
			path = Delivery;
			sourceTree = "<group>";
		};
		3F48643F1973BF7F0072668B /* Main */ = {
			isa = PBXGroup;
			children = (
				3F4864831973F4870072668B /* Model */,
				3F4864401973BF840072668B /* Entities */,
				3F4864411973C8230072668B /* CYPModel.xcdatamodeld */,
			);
			path = Main;
			sourceTree = "<group>";
		};
		3F4864401973BF840072668B /* Entities */ = {
			isa = PBXGroup;
			children = (
				3F48979C19746A9F00A507E1 /* CYPEvent.h */,
				3F48979D19746A9F00A507E1 /* CYPEvent.m */,
				3F4864AB1974276E0072668B /* CYPVenue.h */,
				3F4864AC1974276E0072668B /* CYPVenue.m */,
				3F48649C19740E140072668B /* CYPCity.h */,
				3F48649D19740E140072668B /* CYPCity.m */,
				3F48648E197409BA0072668B /* CYPEvent+Model.h */,
				3F48648F197409BA0072668B /* CYPEvent+Model.m */,
				3F48649319740D620072668B /* CYPArtist.h */,
				3F48649419740D620072668B /* CYPArtist.m */,
				3F48647A1973E65D0072668B /* CYPGenre.h */,
				3F48647B1973E65D0072668B /* CYPGenre.m */,
				3F4864511973D0E20072668B /* CYPDates.h */,
				3F4864521973D0E20072668B /* CYPDates.m */,
				3F48649619740D7E0072668B /* CYPArtist+Model.h */,
				3F48649719740D7E0072668B /* CYPArtist+Model.m */,
				3F4864A8197422F40072668B /* CYPVenue+Model.h */,
				3F4864A9197422F40072668B /* CYPVenue+Model.m */,
				3F4864AE1974280D0072668B /* CYPCity+Model.h */,
				3F4864AF1974280D0072668B /* CYPCity+Model.m */,
				3F4897961974630B00A507E1 /* CYPGenre+Model.h */,
				3F4897971974630B00A507E1 /* CYPGenre+Model.m */,
				3F4897991974659A00A507E1 /* CYPDates+Model.h */,
				3F48979A1974659A00A507E1 /* CYPDates+Model.m */,
			);
			path = Entities;
			sourceTree = "<group>";
		};
		3F4864441973C84A0072668B /* Main */ = {
			isa = PBXGroup;
			children = (
				3F4864851973F4AD0072668B /* Model */,
				3F4864841973F4A00072668B /* Entities */,
			);
			path = Main;
			sourceTree = "<group>";
		};
		3F4864831973F4870072668B /* Model */ = {
			isa = PBXGroup;
			children = (
				3F4864861973F4DC0072668B /* CYPModelDocument.h */,
				3F4864871973F4DC0072668B /* CYPModelDocument.m */,
			);
			path = Model;
			sourceTree = "<group>";
		};
		3F4864841973F4A00072668B /* Entities */ = {
			isa = PBXGroup;
			children = (
				3F4864451973C88A0072668B /* CYPEventTests.m */,
				3F4864661973DF640072668B /* CYPVenueTests.m */,
				3F48649119740CDA0072668B /* CYPArtistTests.m */,
			);
			path = Entities;
			sourceTree = "<group>";
		};
		3F4864851973F4AD0072668B /* Model */ = {
			isa = PBXGroup;
			children = (
				3F4864891973F4F30072668B /* CYPModelDocumentTests.m */,
			);
			path = Model;
			sourceTree = "<group>";
		};
		3F87A3901975D801009D83ED /* Helpers */ = {
			isa = PBXGroup;
			children = (
				3F87A3911975D845009D83ED /* CYPViewAnimationHelper.h */,
				3F87A3921975D845009D83ED /* CYPViewAnimationHelper.m */,
				3F0D3CAA197709E5002B3B77 /* CYPImagePersistence.h */,
				3F0D3CAB197709E5002B3B77 /* CYPImagePersistence.m */,
				3FE37C1119785AF600119A67 /* CYPImageTiler.h */,
				3FE37C1219785AF600119A67 /* CYPImageTiler.m */,
				3F1A3324197D0467001FC160 /* CYPCalendarHelper.h */,
				3F1A3325197D0467001FC160 /* CYPCalendarHelper.m */,
				3F1A3327197D0AF3001FC160 /* CYPAlertViewHelper.h */,
				3F1A3328197D0AF3001FC160 /* CYPAlertViewHelper.m */,
			);
			name = Helpers;
			sourceTree = "<group>";
		};
		3F87A3A01976C8B6009D83ED /* Delegates */ = {
			isa = PBXGroup;
			children = (
				3F87A3A11976C8E7009D83ED /* CYPFetchedResultsDelegate.h */,
				3F87A3A21976C8E7009D83ED /* CYPFetchedResultsDelegate.m */,
			);
			name = Delegates;
			sourceTree = "<group>";
		};
		3FE37C14197870D400119A67 /* Managers */ = {
			isa = PBXGroup;
			children = (
				3F0D3CA41976FEAB002B3B77 /* CYPFetchResultControllerManager.h */,
				3F0D3CA51976FEAB002B3B77 /* CYPFetchResultControllerManager.m */,
				3F0D3CA71977056C002B3B77 /* CYPNetworkManager.h */,
				3F0D3CA81977056C002B3B77 /* CYPNetworkManager.m */,
				3F0D3CAD19770D76002B3B77 /* CYPEventManager.h */,
				3F0D3CAE19770D76002B3B77 /* CYPEventManager.m */,
				3FE37C15197870F500119A67 /* CYPUserDefaultsManager.h */,
				3FE37C16197870F500119A67 /* CYPUserDefaultsManager.m */,
				3F1A332A197D241F001FC160 /* CYPEventActionsManager.h */,
				3F1A332B197D241F001FC160 /* CYPEventActionsManager.m */,
			);
			name = Managers;
			sourceTree = "<group>";
		};
/* End PBXGroup section */

/* Begin PBXNativeTarget section */
		3F4863E11972CC0A0072668B /* CitypPosters */ = {
			isa = PBXNativeTarget;
			buildConfigurationList = 3F4864141972CC0A0072668B /* Build configuration list for PBXNativeTarget "CitypPosters" */;
			buildPhases = (
				3F4863DE1972CC0A0072668B /* Sources */,
				3F4863DF1972CC0A0072668B /* Frameworks */,
				3F4863E01972CC0A0072668B /* Resources */,
			);
			buildRules = (
			);
			dependencies = (
			);
			name = CitypPosters;
			productName = CitypPosters;
			productReference = 3F4863E21972CC0A0072668B /* CitypPosters.app */;
			productType = "com.apple.product-type.application";
		};
		3F4864011972CC0A0072668B /* CitypPostersTests */ = {
			isa = PBXNativeTarget;
			buildConfigurationList = 3F4864171972CC0A0072668B /* Build configuration list for PBXNativeTarget "CitypPostersTests" */;
			buildPhases = (
				DAF221B494F240D4B67EF988 /* Check Pods Manifest.lock */,
				3F4863FE1972CC0A0072668B /* Sources */,
				3F4863FF1972CC0A0072668B /* Frameworks */,
				3F4864001972CC0A0072668B /* Resources */,
				14E332325B6B432CA9360854 /* Copy Pods Resources */,
			);
			buildRules = (
			);
			dependencies = (
				3F4864091972CC0A0072668B /* PBXTargetDependency */,
			);
			name = CitypPostersTests;
			productName = CitypPostersTests;
			productReference = 3F4864021972CC0A0072668B /* CitypPostersTests.xctest */;
			productType = "com.apple.product-type.bundle.unit-test";
		};
/* End PBXNativeTarget section */

/* Begin PBXProject section */
		3F4863DA1972CC0A0072668B /* Project object */ = {
			isa = PBXProject;
			attributes = {
				CLASSPREFIX = CYP;
				LastUpgradeCheck = 0510;
				ORGANIZATIONNAME = gadaxara;
				TargetAttributes = {
					3F4864011972CC0A0072668B = {
						TestTargetID = 3F4863E11972CC0A0072668B;
					};
				};
			};
			buildConfigurationList = 3F4863DD1972CC0A0072668B /* Build configuration list for PBXProject "CitypPosters" */;
			compatibilityVersion = "Xcode 3.2";
			developmentRegion = English;
			hasScannedForEncodings = 0;
			knownRegions = (
				en,
			);
			mainGroup = 3F4863D91972CC0A0072668B;
			productRefGroup = 3F4863E31972CC0A0072668B /* Products */;
			projectDirPath = "";
			projectRoot = "";
			targets = (
				3F4863E11972CC0A0072668B /* CitypPosters */,
				3F4864011972CC0A0072668B /* CitypPostersTests */,
			);
		};
/* End PBXProject section */

/* Begin PBXResourcesBuildPhase section */
		3F4863E01972CC0A0072668B /* Resources */ = {
			isa = PBXResourcesBuildPhase;
			buildActionMask = 2147483647;
			files = (
				3F48641C1972CC340072668B /* Posters_iPhone.storyboard in Resources */,
				3F4863F21972CC0A0072668B /* InfoPlist.strings in Resources */,
				3F4863FD1972CC0A0072668B /* Images.xcassets in Resources */,
			);
			runOnlyForDeploymentPostprocessing = 0;
		};
		3F4864001972CC0A0072668B /* Resources */ = {
			isa = PBXResourcesBuildPhase;
			buildActionMask = 2147483647;
			files = (
				3F48640F1972CC0A0072668B /* InfoPlist.strings in Resources */,
			);
			runOnlyForDeploymentPostprocessing = 0;
		};
/* End PBXResourcesBuildPhase section */

/* Begin PBXShellScriptBuildPhase section */
		14E332325B6B432CA9360854 /* Copy Pods Resources */ = {
			isa = PBXShellScriptBuildPhase;
			buildActionMask = 2147483647;
			files = (
			);
			inputPaths = (
			);
			name = "Copy Pods Resources";
			outputPaths = (
			);
			runOnlyForDeploymentPostprocessing = 0;
			shellPath = /bin/sh;
			shellScript = "\"${SRCROOT}/Pods/Pods-CitypPostersTests-resources.sh\"\n";
			showEnvVarsInLog = 0;
		};
		DAF221B494F240D4B67EF988 /* Check Pods Manifest.lock */ = {
			isa = PBXShellScriptBuildPhase;
			buildActionMask = 2147483647;
			files = (
			);
			inputPaths = (
			);
			name = "Check Pods Manifest.lock";
			outputPaths = (
			);
			runOnlyForDeploymentPostprocessing = 0;
			shellPath = /bin/sh;
			shellScript = "diff \"${PODS_ROOT}/../Podfile.lock\" \"${PODS_ROOT}/Manifest.lock\" > /dev/null\nif [[ $? != 0 ]] ; then\n    cat << EOM\nerror: The sandbox is not in sync with the Podfile.lock. Run 'pod install' or update your CocoaPods installation.\nEOM\n    exit 1\nfi\n";
			showEnvVarsInLog = 0;
		};
/* End PBXShellScriptBuildPhase section */

/* Begin PBXSourcesBuildPhase section */
		3F4863DE1972CC0A0072668B /* Sources */ = {
			isa = PBXSourcesBuildPhase;
			buildActionMask = 2147483647;
			files = (
				3F4864881973F4DC0072668B /* CYPModelDocument.m in Sources */,
				3FE37C10197827DB00119A67 /* CYPAsideTableViewController.m in Sources */,
				3F486439197315630072668B /* CYPMainScreenViewController.m in Sources */,
				3F0D3CA61976FEAB002B3B77 /* CYPFetchResultControllerManager.m in Sources */,
				3F48649519740D620072668B /* CYPArtist.m in Sources */,
				3FE37C2219792F9900119A67 /* CYPGenresFilterTableViewCell.m in Sources */,
				3FE37C17197870F500119A67 /* CYPUserDefaultsManager.m in Sources */,
				3F48649E19740E140072668B /* CYPCity.m in Sources */,
				3F4864AA197422F40072668B /* CYPVenue+Model.m in Sources */,
				3FE37C1F19792F7D00119A67 /* CYPGenreFilterTableViewController.m in Sources */,
				3F48642D1972E4580072668B /* CYPPosterCell.m in Sources */,
				3F0D3CAF19770D76002B3B77 /* CYPEventManager.m in Sources */,
				3F4863F41972CC0A0072668B /* main.m in Sources */,
				3F4864431973C8230072668B /* CYPModel.xcdatamodeld in Sources */,
				3FE37C0D197810FE00119A67 /* CYPCoordinatorViewController.m in Sources */,
				3F486490197409BA0072668B /* CYPEvent+Model.m in Sources */,
				3FE37C1319785AF600119A67 /* CYPImageTiler.m in Sources */,
				3F48979E19746A9F00A507E1 /* CYPEvent.m in Sources */,
				3F1A3326197D0467001FC160 /* CYPCalendarHelper.m in Sources */,
				3F1A332C197D241F001FC160 /* CYPEventActionsManager.m in Sources */,
				3F4897981974630B00A507E1 /* CYPGenre+Model.m in Sources */,
				3F4864B01974280D0072668B /* CYPCity+Model.m in Sources */,
				3F4864AD1974276E0072668B /* CYPVenue.m in Sources */,
				3F48649819740D7E0072668B /* CYPArtist+Model.m in Sources */,
				3F0D3CA91977056C002B3B77 /* CYPNetworkManager.m in Sources */,
				3FE37C1A1979132400119A67 /* CYPSettingsViewController.m in Sources */,
				3F87A38F1975BE6F009D83ED /* CYPDetailViewController.m in Sources */,
				3F0D3CAC197709E5002B3B77 /* CYPImagePersistence.m in Sources */,
				3F4863F81972CC0A0072668B /* CYPAppDelegate.m in Sources */,
				3F48647C1973E65D0072668B /* CYPGenre.m in Sources */,
				3F48979B1974659A00A507E1 /* CYPDates+Model.m in Sources */,
				3F87A3A31976C8E7009D83ED /* CYPFetchedResultsDelegate.m in Sources */,
				3F486436197314AB0072668B /* CYPPosterCollectionDatasource.m in Sources */,
				3F1801CE197ACC6000A66AC5 /* CYPGenresFilterDatasource.m in Sources */,
				3F87A3931975D845009D83ED /* CYPViewAnimationHelper.m in Sources */,
				3F1A3329197D0AF3001FC160 /* CYPAlertViewHelper.m in Sources */,
				3F4864531973D0E20072668B /* CYPDates.m in Sources */,
			);
			runOnlyForDeploymentPostprocessing = 0;
		};
		3F4863FE1972CC0A0072668B /* Sources */ = {
			isa = PBXSourcesBuildPhase;
			buildActionMask = 2147483647;
			files = (
				3F4864671973DF640072668B /* CYPVenueTests.m in Sources */,
				3F48649219740CDA0072668B /* CYPArtistTests.m in Sources */,
				3F48648A1973F4F30072668B /* CYPModelDocumentTests.m in Sources */,
				3F48642F1972FFAD0072668B /* CYPPosterCellTests.m in Sources */,
				3F4864471973C95A0072668B /* CYPModel.xcdatamodeld in Sources */,
				3F4864461973C88A0072668B /* CYPEventTests.m in Sources */,
			);
			runOnlyForDeploymentPostprocessing = 0;
		};
/* End PBXSourcesBuildPhase section */

/* Begin PBXTargetDependency section */
		3F4864091972CC0A0072668B /* PBXTargetDependency */ = {
			isa = PBXTargetDependency;
			target = 3F4863E11972CC0A0072668B /* CitypPosters */;
			targetProxy = 3F4864081972CC0A0072668B /* PBXContainerItemProxy */;
		};
/* End PBXTargetDependency section */

/* Begin PBXVariantGroup section */
		3F4863F01972CC0A0072668B /* InfoPlist.strings */ = {
			isa = PBXVariantGroup;
			children = (
				3F4863F11972CC0A0072668B /* en */,
			);
			name = InfoPlist.strings;
			sourceTree = "<group>";
		};
		3F48640D1972CC0A0072668B /* InfoPlist.strings */ = {
			isa = PBXVariantGroup;
			children = (
				3F48640E1972CC0A0072668B /* en */,
			);
			name = InfoPlist.strings;
			sourceTree = "<group>";
		};
/* End PBXVariantGroup section */

/* Begin XCBuildConfiguration section */
		3F4864121972CC0A0072668B /* Debug */ = {
			isa = XCBuildConfiguration;
			buildSettings = {
				ALWAYS_SEARCH_USER_PATHS = NO;
				CLANG_CXX_LANGUAGE_STANDARD = "gnu++0x";
				CLANG_CXX_LIBRARY = "libc++";
				CLANG_ENABLE_MODULES = YES;
				CLANG_ENABLE_OBJC_ARC = YES;
				CLANG_WARN_BOOL_CONVERSION = YES;
				CLANG_WARN_CONSTANT_CONVERSION = YES;
				CLANG_WARN_DIRECT_OBJC_ISA_USAGE = YES_ERROR;
				CLANG_WARN_EMPTY_BODY = YES;
				CLANG_WARN_ENUM_CONVERSION = YES;
				CLANG_WARN_INT_CONVERSION = YES;
				CLANG_WARN_OBJC_ROOT_CLASS = YES_ERROR;
				CLANG_WARN__DUPLICATE_METHOD_MATCH = YES;
				"CODE_SIGN_IDENTITY[sdk=iphoneos*]" = "iPhone Developer";
				COPY_PHASE_STRIP = NO;
				GCC_C_LANGUAGE_STANDARD = gnu99;
				GCC_DYNAMIC_NO_PIC = NO;
				GCC_OPTIMIZATION_LEVEL = 0;
				GCC_PREPROCESSOR_DEFINITIONS = (
					"DEBUG=1",
					"$(inherited)",
				);
				GCC_SYMBOLS_PRIVATE_EXTERN = NO;
				GCC_WARN_64_TO_32_BIT_CONVERSION = YES;
				GCC_WARN_ABOUT_RETURN_TYPE = YES_ERROR;
				GCC_WARN_UNDECLARED_SELECTOR = YES;
				GCC_WARN_UNINITIALIZED_AUTOS = YES_AGGRESSIVE;
				GCC_WARN_UNUSED_FUNCTION = YES;
				GCC_WARN_UNUSED_VARIABLE = YES;
				IPHONEOS_DEPLOYMENT_TARGET = 7.1;
				ONLY_ACTIVE_ARCH = YES;
				SDKROOT = iphoneos;
			};
			name = Debug;
		};
		3F4864131972CC0A0072668B /* Release */ = {
			isa = XCBuildConfiguration;
			buildSettings = {
				ALWAYS_SEARCH_USER_PATHS = NO;
				CLANG_CXX_LANGUAGE_STANDARD = "gnu++0x";
				CLANG_CXX_LIBRARY = "libc++";
				CLANG_ENABLE_MODULES = YES;
				CLANG_ENABLE_OBJC_ARC = YES;
				CLANG_WARN_BOOL_CONVERSION = YES;
				CLANG_WARN_CONSTANT_CONVERSION = YES;
				CLANG_WARN_DIRECT_OBJC_ISA_USAGE = YES_ERROR;
				CLANG_WARN_EMPTY_BODY = YES;
				CLANG_WARN_ENUM_CONVERSION = YES;
				CLANG_WARN_INT_CONVERSION = YES;
				CLANG_WARN_OBJC_ROOT_CLASS = YES_ERROR;
				CLANG_WARN__DUPLICATE_METHOD_MATCH = YES;
				"CODE_SIGN_IDENTITY[sdk=iphoneos*]" = "iPhone Developer";
				COPY_PHASE_STRIP = YES;
				ENABLE_NS_ASSERTIONS = NO;
				GCC_C_LANGUAGE_STANDARD = gnu99;
				GCC_WARN_64_TO_32_BIT_CONVERSION = YES;
				GCC_WARN_ABOUT_RETURN_TYPE = YES_ERROR;
				GCC_WARN_UNDECLARED_SELECTOR = YES;
				GCC_WARN_UNINITIALIZED_AUTOS = YES_AGGRESSIVE;
				GCC_WARN_UNUSED_FUNCTION = YES;
				GCC_WARN_UNUSED_VARIABLE = YES;
				IPHONEOS_DEPLOYMENT_TARGET = 7.1;
				SDKROOT = iphoneos;
				VALIDATE_PRODUCT = YES;
			};
			name = Release;
		};
		3F4864151972CC0A0072668B /* Debug */ = {
			isa = XCBuildConfiguration;
			buildSettings = {
				ASSETCATALOG_COMPILER_APPICON_NAME = AppIcon;
				ASSETCATALOG_COMPILER_LAUNCHIMAGE_NAME = LaunchImage;
				GCC_PRECOMPILE_PREFIX_HEADER = YES;
				GCC_PREFIX_HEADER = "CitypPosters/Supporting Files/CitypPosters-Prefix.pch";
				INFOPLIST_FILE = "CitypPosters/Supporting Files/CitypPosters-Info.plist";
				PRODUCT_NAME = "$(TARGET_NAME)";
				WRAPPER_EXTENSION = app;
			};
			name = Debug;
		};
		3F4864161972CC0A0072668B /* Release */ = {
			isa = XCBuildConfiguration;
			buildSettings = {
				ASSETCATALOG_COMPILER_APPICON_NAME = AppIcon;
				ASSETCATALOG_COMPILER_LAUNCHIMAGE_NAME = LaunchImage;
				GCC_PRECOMPILE_PREFIX_HEADER = YES;
				GCC_PREFIX_HEADER = "CitypPosters/Supporting Files/CitypPosters-Prefix.pch";
				INFOPLIST_FILE = "CitypPosters/Supporting Files/CitypPosters-Info.plist";
				PRODUCT_NAME = "$(TARGET_NAME)";
				WRAPPER_EXTENSION = app;
			};
			name = Release;
		};
		3F4864181972CC0A0072668B /* Debug */ = {
			isa = XCBuildConfiguration;
			baseConfigurationReference = 4588BBA9BD0740D58B6B75BD /* Pods-CitypPostersTests.xcconfig */;
			buildSettings = {
				BUNDLE_LOADER = "$(BUILT_PRODUCTS_DIR)/CitypPosters.app/CitypPosters";
				FRAMEWORK_SEARCH_PATHS = (
					"$(SDKROOT)/Developer/Library/Frameworks",
					"$(inherited)",
					"$(DEVELOPER_FRAMEWORKS_DIR)",
				);
				GCC_PRECOMPILE_PREFIX_HEADER = YES;
				GCC_PREFIX_HEADER = "CitypPosters/Supporting Files/CitypPosters-Prefix.pch";
				GCC_PREPROCESSOR_DEFINITIONS = (
					"DEBUG=1",
					"$(inherited)",
				);
				INFOPLIST_FILE = "CitypPostersTests/Supporting Files/CitypPostersTests-Info.plist";
				PRODUCT_NAME = "$(TARGET_NAME)";
				TEST_HOST = "$(BUNDLE_LOADER)";
				WRAPPER_EXTENSION = xctest;
			};
			name = Debug;
		};
		3F4864191972CC0A0072668B /* Release */ = {
			isa = XCBuildConfiguration;
			baseConfigurationReference = 4588BBA9BD0740D58B6B75BD /* Pods-CitypPostersTests.xcconfig */;
			buildSettings = {
				BUNDLE_LOADER = "$(BUILT_PRODUCTS_DIR)/CitypPosters.app/CitypPosters";
				FRAMEWORK_SEARCH_PATHS = (
					"$(SDKROOT)/Developer/Library/Frameworks",
					"$(inherited)",
					"$(DEVELOPER_FRAMEWORKS_DIR)",
				);
				GCC_PRECOMPILE_PREFIX_HEADER = YES;
				GCC_PREFIX_HEADER = "CitypPosters/Supporting Files/CitypPosters-Prefix.pch";
				INFOPLIST_FILE = "CitypPostersTests/Supporting Files/CitypPostersTests-Info.plist";
				PRODUCT_NAME = "$(TARGET_NAME)";
				TEST_HOST = "$(BUNDLE_LOADER)";
				WRAPPER_EXTENSION = xctest;
			};
			name = Release;
		};
/* End XCBuildConfiguration section */

/* Begin XCConfigurationList section */
		3F4863DD1972CC0A0072668B /* Build configuration list for PBXProject "CitypPosters" */ = {
			isa = XCConfigurationList;
			buildConfigurations = (
				3F4864121972CC0A0072668B /* Debug */,
				3F4864131972CC0A0072668B /* Release */,
			);
			defaultConfigurationIsVisible = 0;
			defaultConfigurationName = Release;
		};
		3F4864141972CC0A0072668B /* Build configuration list for PBXNativeTarget "CitypPosters" */ = {
			isa = XCConfigurationList;
			buildConfigurations = (
				3F4864151972CC0A0072668B /* Debug */,
				3F4864161972CC0A0072668B /* Release */,
			);
			defaultConfigurationIsVisible = 0;
			defaultConfigurationName = Release;
		};
		3F4864171972CC0A0072668B /* Build configuration list for PBXNativeTarget "CitypPostersTests" */ = {
			isa = XCConfigurationList;
			buildConfigurations = (
				3F4864181972CC0A0072668B /* Debug */,
				3F4864191972CC0A0072668B /* Release */,
			);
			defaultConfigurationIsVisible = 0;
			defaultConfigurationName = Release;
		};
/* End XCConfigurationList section */

/* Begin XCVersionGroup section */
		3F4864411973C8230072668B /* CYPModel.xcdatamodeld */ = {
			isa = XCVersionGroup;
			children = (
				3F4864421973C8230072668B /* CYPModel.xcdatamodel */,
			);
			currentVersion = 3F4864421973C8230072668B /* CYPModel.xcdatamodel */;
			path = CYPModel.xcdatamodeld;
			sourceTree = "<group>";
			versionGroupType = wrapper.xcdatamodel;
		};
/* End XCVersionGroup section */
	};
	rootObject = 3F4863DA1972CC0A0072668B /* Project object */;
}
